<?xml version="1.0" encoding="utf-8"?>
<Project ToolsVersion="4.0" xmlns="http://schemas.microsoft.com/developer/msbuild/2003">
  <ItemGroup>
    <Filter Include="Source Files">
      <UniqueIdentifier>{4FC737F1-C7A5-4376-A066-2A32D752A2FF}</UniqueIdentifier>
      <Extensions>cpp;c;cc;cxx;def;odl;idl;hpj;bat;asm;asmx</Extensions>
    </Filter>
    <Filter Include="Header Files">
      <UniqueIdentifier>{93995380-89BD-4b04-88EB-625FBE52EBFB}</UniqueIdentifier>
      <Extensions>h;hh;hpp;hxx;hm;inl;inc;xsd</Extensions>
    </Filter>
    <Filter Include="Resource Files">
      <UniqueIdentifier>{67DA6AB6-F800-4c08-8B7A-83BB121AAD01}</UniqueIdentifier>
      <Extensions>rc;ico;cur;bmp;dlg;rc2;rct;bin;rgs;gif;jpg;jpeg;jpe;resx;tiff;tif;png;wav;mfcribbon-ms</Extensions>
    </Filter>
  </ItemGroup>
  <ItemGroup>
    <ClCompile Include="..\adb.cpp">
      <Filter>Source Files</Filter>
    </ClCompile>
    <ClCompile Include="..\audio.cpp">
      <Filter>Source Files</Filter>
    </ClCompile>
    <ClCompile Include="..\cdrom.cpp">
      <Filter>Source Files</Filter>
    </ClCompile>
    <ClCompile Include="..\disk.cpp">
      <Filter>Source Files</Filter>
    </ClCompile>
    <ClCompile Include="..\emul_op.cpp">
      <Filter>Source Files</Filter>
    </ClCompile>
    <ClCompile Include="..\ether.cpp">
      <Filter>Source Files</Filter>
    </ClCompile>
    <ClCompile Include="..\extfs.cpp">
      <Filter>Source Files</Filter>
    </ClCompile>
    <ClCompile Include="..\macos_util.cpp">
      <Filter>Source Files</Filter>
    </ClCompile>
    <ClCompile Include="..\main.cpp">
      <Filter>Source Files</Filter>
    </ClCompile>
    <ClCompile Include="..\prefs.cpp">
      <Filter>Source Files</Filter>
    </ClCompile>
    <ClCompile Include="..\prefs_items.cpp">
      <Filter>Source Files</Filter>
    </ClCompile>
    <ClCompile Include="..\rom_patches.cpp">
      <Filter>Source Files</Filter>
    </ClCompile>
    <ClCompile Include="..\rsrc_patches.cpp">
      <Filter>Source Files</Filter>
    </ClCompile>
    <ClCompile Include="..\scsi.cpp">
      <Filter>Source Files</Filter>
    </ClCompile>
    <ClCompile Include="..\serial.cpp">
      <Filter>Source Files</Filter>
    </ClCompile>
    <ClCompile Include="..\slot_rom.cpp">
      <Filter>Source Files</Filter>
    </ClCompile>
    <ClCompile Include="..\sony.cpp">
      <Filter>Source Files</Filter>
    </ClCompile>
    <ClCompile Include="..\timer.cpp">
      <Filter>Source Files</Filter>
    </ClCompile>
    <ClCompile Include="..\user_strings.cpp">
      <Filter>Source Files</Filter>
    </ClCompile>
    <ClCompile Include="..\video.cpp">
      <Filter>Source Files</Filter>
    </ClCompile>
    <ClCompile Include="..\xpram.cpp">
      <Filter>Source Files</Filter>
    </ClCompile>
    <ClCompile Include="clip_windows.cpp">
      <Filter>Source Files</Filter>
    </ClCompile>
    <ClCompile Include="ether_windows.cpp">
      <Filter>Source Files</Filter>
    </ClCompile>
    <ClCompile Include="extfs_windows.cpp">
      <Filter>Source Files</Filter>
    </ClCompile>
    <ClCompile Include="main_windows.cpp">
      <Filter>Source Files</Filter>
    </ClCompile>
    <ClCompile Include="posix_emu.cpp">
      <Filter>Source Files</Filter>
    </ClCompile>
    <ClCompile Include="prefs_windows.cpp">
      <Filter>Source Files</Filter>
    </ClCompile>
    <ClCompile Include="serial_windows.cpp">
      <Filter>Source Files</Filter>
    </ClCompile>
    <ClCompile Include="sys_windows.cpp">
      <Filter>Source Files</Filter>
    </ClCompile>
    <ClCompile Include="timer_windows.cpp">
      <Filter>Source Files</Filter>
    </ClCompile>
    <ClCompile Include="user_strings_windows.cpp">
      <Filter>Source Files</Filter>
    </ClCompile>
    <ClCompile Include="util_windows.cpp">
      <Filter>Source Files</Filter>
    </ClCompile>
    <ClCompile Include="xpram_windows.cpp">
      <Filter>Source Files</Filter>
    </ClCompile>
    <ClCompile Include="cdenable\cache.cpp">
      <Filter>Source Files</Filter>
    </ClCompile>
    <ClCompile Include="cdenable\eject_nt.cpp">
      <Filter>Source Files</Filter>
    </ClCompile>
    <ClCompile Include="cdenable\ntcd.cpp">
      <Filter>Source Files</Filter>
    </ClCompile>
    <ClCompile Include="router\arp.cpp">
      <Filter>Source Files</Filter>
    </ClCompile>
    <ClCompile Include="router\dump.cpp">
      <Filter>Source Files</Filter>
    </ClCompile>
    <ClCompile Include="router\dynsockets.cpp">
      <Filter>Source Files</Filter>
    </ClCompile>
    <ClCompile Include="router\ftp.cpp">
      <Filter>Source Files</Filter>
    </ClCompile>
    <ClCompile Include="router\icmp.cpp">
      <Filter>Source Files</Filter>
    </ClCompile>
    <ClCompile Include="router\iphelp.cpp">
      <Filter>Source Files</Filter>
    </ClCompile>
    <ClCompile Include="router\ipsocket.cpp">
      <Filter>Source Files</Filter>
    </ClCompile>
    <ClCompile Include="router\router.cpp">
      <Filter>Source Files</Filter>
    </ClCompile>
    <ClCompile Include="router\tcp.cpp">
      <Filter>Source Files</Filter>
    </ClCompile>
    <ClCompile Include="router\udp.cpp">
      <Filter>Source Files</Filter>
    </ClCompile>
    <ClCompile Include="router\mib\interfaces.cpp">
      <Filter>Source Files</Filter>
    </ClCompile>
    <ClCompile Include="router\mib\mibaccess.cpp">
      <Filter>Source Files</Filter>
    </ClCompile>
    <ClCompile Include="..\uae_cpu\basilisk_glue.cpp">
      <Filter>Source Files</Filter>
    </ClCompile>
    <ClCompile Include="..\uae_cpu\memory.cpp">
      <Filter>Source Files</Filter>
    </ClCompile>
    <ClCompile Include="..\uae_cpu\newcpu.cpp">
      <Filter>Source Files</Filter>
    </ClCompile>
    <ClCompile Include="..\uae_cpu\readcpu.cpp">
      <Filter>Source Files</Filter>
    </ClCompile>
    <ClCompile Include="..\uae_cpu\fpu\fpu_ieee.cpp">
      <Filter>Source Files</Filter>
    </ClCompile>
    <ClCompile Include="..\uae_cpu\compiler\compemu_support.cpp">
      <Filter>Source Files</Filter>
    </ClCompile>
    <ClCompile Include="..\slirp\bootp.c">
      <Filter>Source Files</Filter>
    </ClCompile>
    <ClCompile Include="..\slirp\cksum.c">
      <Filter>Source Files</Filter>
    </ClCompile>
    <ClCompile Include="..\slirp\debug.c">
      <Filter>Source Files</Filter>
    </ClCompile>
    <ClCompile Include="..\slirp\if.c">
      <Filter>Source Files</Filter>
    </ClCompile>
    <ClCompile Include="..\slirp\ip_icmp.c">
      <Filter>Source Files</Filter>
    </ClCompile>
    <ClCompile Include="..\slirp\ip_input.c">
      <Filter>Source Files</Filter>
    </ClCompile>
    <ClCompile Include="..\slirp\ip_output.c">
      <Filter>Source Files</Filter>
    </ClCompile>
    <ClCompile Include="..\slirp\mbuf.c">
      <Filter>Source Files</Filter>
    </ClCompile>
    <ClCompile Include="..\slirp\misc.c">
      <Filter>Source Files</Filter>
    </ClCompile>
    <ClCompile Include="..\slirp\sbuf.c">
      <Filter>Source Files</Filter>
    </ClCompile>
    <ClCompile Include="..\slirp\slirp.c">
      <Filter>Source Files</Filter>
    </ClCompile>
    <ClCompile Include="..\slirp\socket.c">
      <Filter>Source Files</Filter>
    </ClCompile>
    <ClCompile Include="..\slirp\tcp_input.c">
      <Filter>Source Files</Filter>
    </ClCompile>
    <ClCompile Include="..\slirp\tcp_output.c">
      <Filter>Source Files</Filter>
    </ClCompile>
    <ClCompile Include="..\slirp\tcp_subr.c">
      <Filter>Source Files</Filter>
    </ClCompile>
    <ClCompile Include="..\slirp\tcp_timer.c">
      <Filter>Source Files</Filter>
    </ClCompile>
    <ClCompile Include="..\slirp\tftp.c">
      <Filter>Source Files</Filter>
    </ClCompile>
    <ClCompile Include="..\slirp\udp.c">
      <Filter>Source Files</Filter>
    </ClCompile>
    <ClCompile Include="..\uae_cpu\compemu.cpp">
      <Filter>Source Files</Filter>
    </ClCompile>
    <ClCompile Include="..\uae_cpu\compstbl.cpp">
      <Filter>Source Files</Filter>
    </ClCompile>
    <ClCompile Include="..\uae_cpu\cpudefs.cpp">
      <Filter>Source Files</Filter>
    </ClCompile>
    <ClCompile Include="..\uae_cpu\cpuemu.cpp">
      <Filter>Source Files</Filter>
    </ClCompile>
    <ClCompile Include="..\uae_cpu\cpustbl.cpp">
      <Filter>Source Files</Filter>
    </ClCompile>
    <ClCompile Include="..\uae_cpu\cpustbl_nf.cpp">
      <Filter>Source Files</Filter>
    </ClCompile>
    <ClCompile Include="..\uae_cpu\cpuemu_nf.cpp">
      <Filter>Source Files</Filter>
    </ClCompile>
    <ClCompile Include="b2ether\packet32.cpp">
      <Filter>Source Files</Filter>
    </ClCompile>
    <ClCompile Include="..\CrossPlatform\sigsegv.cpp">
      <Filter>Source Files</Filter>
    </ClCompile>
    <ClCompile Include="..\CrossPlatform\video_blit.cpp">
      <Filter>Source Files</Filter>
    </ClCompile>
    <ClCompile Include="..\CrossPlatform\vm_alloc.cpp">
      <Filter>Source Files</Filter>
    </ClCompile>
    <ClCompile Include="..\SDL\audio_sdl.cpp">
      <Filter>Source Files</Filter>
    </ClCompile>
    <ClCompile Include="..\SDL\video_sdl.cpp">
      <Filter>Source Files</Filter>
    </ClCompile>
    <ClCompile Include="..\SDL\video_sdl2.cpp">
      <Filter>Source Files</Filter>
    </ClCompile>
    <ClCompile Include="..\dummy\scsi_dummy.cpp">
      <Filter>Source Files</Filter>
    </ClCompile>
    <ClCompile Include="..\dummy\prefs_editor_dummy.cpp">
      <Filter>Source Files</Filter>
    </ClCompile>
    <ClCompile Include="..\uae_cpu\compiler\codegen_x86.cpp">
      <Filter>Source Files</Filter>
    </ClCompile>
  </ItemGroup>
  <ItemGroup>
    <Image Include="BasiliskII.ico">
      <Filter>Resource Files</Filter>
    </Image>
  </ItemGroup>
  <ItemGroup>
    <ResourceCompile Include="BasiliskII.rc">
      <Filter>Resource Files</Filter>
    </ResourceCompile>
  </ItemGroup>
  <ItemGroup>
    <ClInclude Include="ether_windows.h">
      <Filter>Header Files</Filter>
    </ClInclude>
    <ClInclude Include="kernel_windows.h">
      <Filter>Header Files</Filter>
    </ClInclude>
    <ClInclude Include="posix_emu.h">
      <Filter>Header Files</Filter>
    </ClInclude>
    <ClInclude Include="user_strings_windows.h">
      <Filter>Header Files</Filter>
    </ClInclude>
    <ClInclude Include="util_windows.h">
      <Filter>Header Files</Filter>
    </ClInclude>
    <ClInclude Include="cdenable\cache.h">
      <Filter>Header Files</Filter>
    </ClInclude>
    <ClInclude Include="cdenable\cdenable.h">
      <Filter>Header Files</Filter>
    </ClInclude>
    <ClInclude Include="cdenable\eject_nt.h">
      <Filter>Header Files</Filter>
    </ClInclude>
    <ClInclude Include="cdenable\ntcd.h">
      <Filter>Header Files</Filter>
    </ClInclude>
    <ClInclude Include="router\arp.h">
      <Filter>Header Files</Filter>
    </ClInclude>
    <ClInclude Include="router\dump.h">
      <Filter>Header Files</Filter>
    </ClInclude>
    <ClInclude Include="router\dynsockets.h">
      <Filter>Header Files</Filter>
    </ClInclude>
    <ClInclude Include="router\ftp.h">
      <Filter>Header Files</Filter>
    </ClInclude>
    <ClInclude Include="router\icmp.h">
      <Filter>Header Files</Filter>
    </ClInclude>
    <ClInclude Include="router\iphelp.h">
      <Filter>Header Files</Filter>
    </ClInclude>
    <ClInclude Include="router\ipsocket.h">
      <Filter>Header Files</Filter>
    </ClInclude>
    <ClInclude Include="router\router.h">
      <Filter>Header Files</Filter>
    </ClInclude>
    <ClInclude Include="router\router_types.h">
      <Filter>Header Files</Filter>
    </ClInclude>
    <ClInclude Include="router\tcp.h">
      <Filter>Header Files</Filter>
    </ClInclude>
    <ClInclude Include="router\udp.h">
      <Filter>Header Files</Filter>
    </ClInclude>
    <ClInclude Include="router\mib\interfaces.h">
      <Filter>Header Files</Filter>
    </ClInclude>
    <ClInclude Include="router\mib\mibaccess.h">
      <Filter>Header Files</Filter>
    </ClInclude>
    <ClInclude Include="..\uae_cpu\memory.h">
      <Filter>Header Files</Filter>
    </ClInclude>
    <ClInclude Include="..\uae_cpu\newcpu.h">
      <Filter>Header Files</Filter>
    </ClInclude>
    <ClInclude Include="..\uae_cpu\readcpu.h">
      <Filter>Header Files</Filter>
    </ClInclude>
    <ClInclude Include="..\uae_cpu\fpu\fpu.h">
      <Filter>Header Files</Filter>
    </ClInclude>
    <ClInclude Include="..\uae_cpu\fpu\fpu_ieee.h">
      <Filter>Header Files</Filter>
    </ClInclude>
    <ClInclude Include="..\uae_cpu\compiler\compemu.h">
      <Filter>Header Files</Filter>
    </ClInclude>
    <ClInclude Include="..\slirp\bootp.h">
      <Filter>Header Files</Filter>
    </ClInclude>
    <ClInclude Include="..\slirp\ctl.h">
      <Filter>Header Files</Filter>
    </ClInclude>
    <ClInclude Include="..\slirp\debug.h">
      <Filter>Header Files</Filter>
    </ClInclude>
    <ClInclude Include="..\slirp\icmp_var.h">
      <Filter>Header Files</Filter>
    </ClInclude>
    <ClInclude Include="..\slirp\if.h">
      <Filter>Header Files</Filter>
    </ClInclude>
    <ClInclude Include="..\slirp\ip.h">
      <Filter>Header Files</Filter>
    </ClInclude>
    <ClInclude Include="..\slirp\ip_icmp.h">
      <Filter>Header Files</Filter>
    </ClInclude>
    <ClInclude Include="..\slirp\libslirp.h">
      <Filter>Header Files</Filter>
    </ClInclude>
    <ClInclude Include="..\slirp\main.h">
      <Filter>Header Files</Filter>
    </ClInclude>
    <ClInclude Include="..\slirp\mbuf.h">
      <Filter>Header Files</Filter>
    </ClInclude>
    <ClInclude Include="..\slirp\misc.h">
      <Filter>Header Files</Filter>
    </ClInclude>
    <ClInclude Include="..\slirp\sbuf.h">
      <Filter>Header Files</Filter>
    </ClInclude>
    <ClInclude Include="..\slirp\slirp.h">
      <Filter>Header Files</Filter>
    </ClInclude>
    <ClInclude Include="..\slirp\slirp_config.h">
      <Filter>Header Files</Filter>
    </ClInclude>
    <ClInclude Include="..\slirp\socket.h">
      <Filter>Header Files</Filter>
    </ClInclude>
    <ClInclude Include="..\slirp\tcp.h">
      <Filter>Header Files</Filter>
    </ClInclude>
    <ClInclude Include="..\slirp\tcp_timer.h">
      <Filter>Header Files</Filter>
    </ClInclude>
    <ClInclude Include="..\slirp\tcp_var.h">
      <Filter>Header Files</Filter>
    </ClInclude>
    <ClInclude Include="..\slirp\tcpip.h">
      <Filter>Header Files</Filter>
    </ClInclude>
    <ClInclude Include="..\slirp\tftp.h">
      <Filter>Header Files</Filter>
    </ClInclude>
    <ClInclude Include="..\slirp\udp.h">
      <Filter>Header Files</Filter>
    </ClInclude>
    <ClInclude Include="config.h">
      <Filter>Header Files</Filter>
    </ClInclude>
    <ClInclude Include="sysdeps.h">
      <Filter>Header Files</Filter>
    </ClInclude>
    <ClInclude Include="..\uae_cpu\comptbl.h">
      <Filter>Header Files</Filter>
    </ClInclude>
    <ClInclude Include="..\uae_cpu\cputbl.h">
      <Filter>Header Files</Filter>
    </ClInclude>
    <ClInclude Include="..\uae_cpu\noflags.h">
      <Filter>Header Files</Filter>
    </ClInclude>
    <ClInclude Include="..\include\adb.h">
      <Filter>Header Files</Filter>
    </ClInclude>
    <ClInclude Include="..\include\audio.h">
      <Filter>Header Files</Filter>
    </ClInclude>
    <ClInclude Include="..\include\audio_defs.h">
      <Filter>Header Files</Filter>
    </ClInclude>
    <ClInclude Include="..\include\cdrom.h">
      <Filter>Header Files</Filter>
    </ClInclude>
    <ClInclude Include="..\include\clip.h">
      <Filter>Header Files</Filter>
    </ClInclude>
    <ClInclude Include="..\include\debug.h">
      <Filter>Header Files</Filter>
    </ClInclude>
    <ClInclude Include="..\include\disk.h">
      <Filter>Header Files</Filter>
    </ClInclude>
    <ClInclude Include="..\include\emul_op.h">
      <Filter>Header Files</Filter>
    </ClInclude>
    <ClInclude Include="..\include\ether.h">
      <Filter>Header Files</Filter>
    </ClInclude>
    <ClInclude Include="..\include\ether_defs.h">
      <Filter>Header Files</Filter>
    </ClInclude>
    <ClInclude Include="..\include\extfs.h">
      <Filter>Header Files</Filter>
    </ClInclude>
    <ClInclude Include="..\include\extfs_defs.h">
      <Filter>Header Files</Filter>
    </ClInclude>
    <ClInclude Include="..\include\macos_util.h">
      <Filter>Header Files</Filter>
    </ClInclude>
    <ClInclude Include="..\include\main.h">
      <Filter>Header Files</Filter>
    </ClInclude>
    <ClInclude Include="..\include\pict.h">
      <Filter>Header Files</Filter>
    </ClInclude>
    <ClInclude Include="..\include\prefs.h">
      <Filter>Header Files</Filter>
    </ClInclude>
    <ClInclude Include="..\include\prefs_editor.h">
      <Filter>Header Files</Filter>
    </ClInclude>
    <ClInclude Include="..\include\rom_patches.h">
      <Filter>Header Files</Filter>
    </ClInclude>
    <ClInclude Include="..\include\rsrc_patches.h">
      <Filter>Header Files</Filter>
    </ClInclude>
    <ClInclude Include="..\include\scsi.h">
      <Filter>Header Files</Filter>
    </ClInclude>
    <ClInclude Include="..\include\serial.h">
      <Filter>Header Files</Filter>
    </ClInclude>
    <ClInclude Include="..\include\serial_defs.h">
      <Filter>Header Files</Filter>
    </ClInclude>
    <ClInclude Include="..\include\slot_rom.h">
      <Filter>Header Files</Filter>
    </ClInclude>
    <ClInclude Include="..\include\sony.h">
      <Filter>Header Files</Filter>
    </ClInclude>
    <ClInclude Include="..\include\sys.h">
      <Filter>Header Files</Filter>
    </ClInclude>
    <ClInclude Include="..\include\timer.h">
      <Filter>Header Files</Filter>
    </ClInclude>
    <ClInclude Include="..\include\user_strings.h">
      <Filter>Header Files</Filter>
    </ClInclude>
    <ClInclude Include="..\include\version.h">
      <Filter>Header Files</Filter>
    </ClInclude>
    <ClInclude Include="..\include\video.h">
      <Filter>Header Files</Filter>
    </ClInclude>
    <ClInclude Include="..\include\video_defs.h">
      <Filter>Header Files</Filter>
    </ClInclude>
    <ClInclude Include="..\include\xpram.h">
      <Filter>Header Files</Filter>
    </ClInclude>
    <ClInclude Include="cd_defs.h">
      <Filter>Header Files</Filter>
    </ClInclude>
    <ClInclude Include="..\uae_cpu\m68k.h">
      <Filter>Header Files</Filter>
    </ClInclude>
    <ClInclude Include="..\uae_cpu\spcflags.h">
      <Filter>Header Files</Filter>
    </ClInclude>
    <ClInclude Include="..\uae_cpu\fpu\mathlib.h">
      <Filter>Header Files</Filter>
    </ClInclude>
    <ClInclude Include="..\uae_cpu\fpu\types.h">
      <Filter>Header Files</Filter>
    </ClInclude>
    <ClInclude Include="b2ether\multiopt.h">
      <Filter>Header Files</Filter>
    </ClInclude>
    <ClInclude Include="b2ether\inc\b2ether_hl.h">
      <Filter>Header Files</Filter>
    </ClInclude>
    <ClInclude Include="b2ether\inc\ntddpack.h">
      <Filter>Header Files</Filter>
    </ClInclude>
    <ClInclude Include="..\CrossPlatform\sigsegv.h">
      <Filter>Header Files</Filter>
    </ClInclude>
    <ClInclude Include="..\CrossPlatform\video_blit.h">
      <Filter>Header Files</Filter>
    </ClInclude>
    <ClInclude Include="..\CrossPlatform\video_vosf.h">
      <Filter>Header Files</Filter>
    </ClInclude>
    <ClInclude Include="..\CrossPlatform\vm_alloc.h">
      <Filter>Header Files</Filter>
    </ClInclude>
    <ClInclude Include="..\uae_cpu\compiler\codegen_x86.h">
      <Filter>Header Files</Filter>
    </ClInclude>
  </ItemGroup>
</Project>