
Microsoft Visual Studio Solution File, Format Version 12.00
# Visual Studio 15
VisualStudioVersion = 15.0.26430.12
MinimumVisualStudioVersion = 10.0.40219.1
Project("{8BC9CEB8-8B4A-11D0-8D11-00A0C91BC942}") = "BasiliskII", "BasiliskII.vcxproj", "{1AAA5D96-9498-4EB5-A436-0143E2B7A0B0}"
	ProjectSection(ProjectDependencies) = postProject
		{1A9EA738-8DA7-422F-9E0D-BE92893C0E48} = {1A9EA738-8DA7-422F-9E0D-BE92893C0E48}
		{95933FE9-C27C-41F0-B4AF-EAAADE94FD04} = {95933FE9-C27C-41F0-B4AF-EAAADE94FD04}
	EndProjectSection
EndProject
Project("{8BC9CEB8-8B4A-11D0-8D11-00A0C91BC942}") = "build68k", "build68k.vcxproj", "{7BCEAB0D-0C62-46E1-BA1E-AF42798B67D0}"
EndProject
Project("{8BC9CEB8-8B4A-11D0-8D11-00A0C91BC942}") = "gencpu", "gencpu.vcxproj", "{1A9EA738-8DA7-422F-9E0D-BE92893C0E48}"
	ProjectSection(ProjectDependencies) = postProject
		{7BCEAB0D-0C62-46E1-BA1E-AF42798B67D0} = {7BCEAB0D-0C62-46E1-BA1E-AF42798B67D0}
	EndProjectSection
EndProject
Project("{8BC9CEB8-8B4A-11D0-8D11-00A0C91BC942}") = "gencomp", "gencomp.vcxproj", "{95933FE9-C27C-41F0-B4AF-EAAADE94FD04}"
	ProjectSection(ProjectDependencies) = postProject
		{7BCEAB0D-0C62-46E1-BA1E-AF42798B67D0} = {7BCEAB0D-0C62-46E1-BA1E-AF42798B67D0}
	EndProjectSection
EndProject
Project("{8BC9CEB8-8B4A-11D0-8D11-00A0C91BC942}") = "SDL2", "..\..\..\external\SDL\VisualC\SDL\SDL.vcxproj", "{81CE8DAF-EBB2-4761-8E45-B71ABCCA8C68}"
EndProject
Project("{8BC9CEB8-8B4A-11D0-8D11-00A0C91BC942}") = "SDL2main", "..\..\..\external\SDL\VisualC\SDLmain\SDLmain.vcxproj", "{DA956FD3-E142-46F2-9DD5-C78BEBB56B7A}"
EndProject
Global
	GlobalSection(SolutionConfigurationPlatforms) = preSolution
		Debug JIT|x64 = Debug JIT|x64
		Debug JIT|x86 = Debug JIT|x86
		Debug|x64 = Debug|x64
		Debug|x86 = Debug|x86
		Release JIT|x64 = Release JIT|x64
		Release JIT|x86 = Release JIT|x86
		Release|x64 = Release|x64
		Release|x86 = Release|x86
	EndGlobalSection
	GlobalSection(ProjectConfigurationPlatforms) = postSolution
		{1AAA5D96-9498-4EB5-A436-0143E2B7A0B0}.Debug JIT|x64.ActiveCfg = Debug JIT|x64
		{1AAA5D96-9498-4EB5-A436-0143E2B7A0B0}.Debug JIT|x64.Build.0 = Debug JIT|x64
		{1AAA5D96-9498-4EB5-A436-0143E2B7A0B0}.Debug JIT|x86.ActiveCfg = Debug JIT|Win32
		{1AAA5D96-9498-4EB5-A436-0143E2B7A0B0}.Debug JIT|x86.Build.0 = Debug JIT|Win32
		{1AAA5D96-9498-4EB5-A436-0143E2B7A0B0}.Debug|x64.ActiveCfg = Debug|x64
		{1AAA5D96-9498-4EB5-A436-0143E2B7A0B0}.Debug|x64.Build.0 = Debug|x64
		{1AAA5D96-9498-4EB5-A436-0143E2B7A0B0}.Debug|x86.ActiveCfg = Debug|Win32
		{1AAA5D96-9498-4EB5-A436-0143E2B7A0B0}.Debug|x86.Build.0 = Debug|Win32
		{1AAA5D96-9498-4EB5-A436-0143E2B7A0B0}.Release JIT|x64.ActiveCfg = Release JIT|x64
		{1AAA5D96-9498-4EB5-A436-0143E2B7A0B0}.Release JIT|x64.Build.0 = Release JIT|x64
		{1AAA5D96-9498-4EB5-A436-0143E2B7A0B0}.Release JIT|x86.ActiveCfg = Release JIT|Win32
		{1AAA5D96-9498-4EB5-A436-0143E2B7A0B0}.Release JIT|x86.Build.0 = Release JIT|Win32
		{1AAA5D96-9498-4EB5-A436-0143E2B7A0B0}.Release|x64.ActiveCfg = Release|x64
		{1AAA5D96-9498-4EB5-A436-0143E2B7A0B0}.Release|x64.Build.0 = Release|x64
		{1AAA5D96-9498-4EB5-A436-0143E2B7A0B0}.Release|x86.ActiveCfg = Release|Win32
		{1AAA5D96-9498-4EB5-A436-0143E2B7A0B0}.Release|x86.Build.0 = Release|Win32
		{7BCEAB0D-0C62-46E1-BA1E-AF42798B67D0}.Debug JIT|x64.ActiveCfg = Debug|x64
		{7BCEAB0D-0C62-46E1-BA1E-AF42798B67D0}.Debug JIT|x64.Build.0 = Debug|x64
		{7BCEAB0D-0C62-46E1-BA1E-AF42798B67D0}.Debug JIT|x86.ActiveCfg = Debug|Win32
		{7BCEAB0D-0C62-46E1-BA1E-AF42798B67D0}.Debug JIT|x86.Build.0 = Debug|Win32
		{7BCEAB0D-0C62-46E1-BA1E-AF42798B67D0}.Debug|x64.ActiveCfg = Debug|x64
		{7BCEAB0D-0C62-46E1-BA1E-AF42798B67D0}.Debug|x64.Build.0 = Debug|x64
		{7BCEAB0D-0C62-46E1-BA1E-AF42798B67D0}.Debug|x86.ActiveCfg = Debug|Win32
		{7BCEAB0D-0C62-46E1-BA1E-AF42798B67D0}.Debug|x86.Build.0 = Debug|Win32
		{7BCEAB0D-0C62-46E1-BA1E-AF42798B67D0}.Release JIT|x64.ActiveCfg = Release|x64
		{7BCEAB0D-0C62-46E1-BA1E-AF42798B67D0}.Release JIT|x64.Build.0 = Release|x64
		{7BCEAB0D-0C62-46E1-BA1E-AF42798B67D0}.Release JIT|x86.ActiveCfg = Release|Win32
		{7BCEAB0D-0C62-46E1-BA1E-AF42798B67D0}.Release JIT|x86.Build.0 = Release|Win32
		{7BCEAB0D-0C62-46E1-BA1E-AF42798B67D0}.Release|x64.ActiveCfg = Release|x64
		{7BCEAB0D-0C62-46E1-BA1E-AF42798B67D0}.Release|x64.Build.0 = Release|x64
		{7BCEAB0D-0C62-46E1-BA1E-AF42798B67D0}.Release|x86.ActiveCfg = Release|Win32
		{7BCEAB0D-0C62-46E1-BA1E-AF42798B67D0}.Release|x86.Build.0 = Release|Win32
		{1A9EA738-8DA7-422F-9E0D-BE92893C0E48}.Debug JIT|x64.ActiveCfg = Debug|x64
		{1A9EA738-8DA7-422F-9E0D-BE92893C0E48}.Debug JIT|x64.Build.0 = Debug|x64
		{1A9EA738-8DA7-422F-9E0D-BE92893C0E48}.Debug JIT|x86.ActiveCfg = Debug|Win32
		{1A9EA738-8DA7-422F-9E0D-BE92893C0E48}.Debug JIT|x86.Build.0 = Debug|Win32
		{1A9EA738-8DA7-422F-9E0D-BE92893C0E48}.Debug|x64.ActiveCfg = Debug|x64
		{1A9EA738-8DA7-422F-9E0D-BE92893C0E48}.Debug|x64.Build.0 = Debug|x64
		{1A9EA738-8DA7-422F-9E0D-BE92893C0E48}.Debug|x86.ActiveCfg = Debug|Win32
		{1A9EA738-8DA7-422F-9E0D-BE92893C0E48}.Debug|x86.Build.0 = Debug|Win32
		{1A9EA738-8DA7-422F-9E0D-BE92893C0E48}.Release JIT|x64.ActiveCfg = Release|x64
		{1A9EA738-8DA7-422F-9E0D-BE92893C0E48}.Release JIT|x64.Build.0 = Release|x64
		{1A9EA738-8DA7-422F-9E0D-BE92893C0E48}.Release JIT|x86.ActiveCfg = Release|Win32
		{1A9EA738-8DA7-422F-9E0D-BE92893C0E48}.Release JIT|x86.Build.0 = Release|Win32
		{1A9EA738-8DA7-422F-9E0D-BE92893C0E48}.Release|x64.ActiveCfg = Release|x64
		{1A9EA738-8DA7-422F-9E0D-BE92893C0E48}.Release|x64.Build.0 = Release|x64
		{1A9EA738-8DA7-422F-9E0D-BE92893C0E48}.Release|x86.ActiveCfg = Release|Win32
		{1A9EA738-8DA7-422F-9E0D-BE92893C0E48}.Release|x86.Build.0 = Release|Win32
		{95933FE9-C27C-41F0-B4AF-EAAADE94FD04}.Debug JIT|x64.ActiveCfg = Debug|x64
		{95933FE9-C27C-41F0-B4AF-EAAADE94FD04}.Debug JIT|x64.Build.0 = Debug|x64
		{95933FE9-C27C-41F0-B4AF-EAAADE94FD04}.Debug JIT|x86.ActiveCfg = Debug|Win32
		{95933FE9-C27C-41F0-B4AF-EAAADE94FD04}.Debug JIT|x86.Build.0 = Debug|Win32
		{95933FE9-C27C-41F0-B4AF-EAAADE94FD04}.Debug|x64.ActiveCfg = Debug|x64
		{95933FE9-C27C-41F0-B4AF-EAAADE94FD04}.Debug|x64.Build.0 = Debug|x64
		{95933FE9-C27C-41F0-B4AF-EAAADE94FD04}.Debug|x86.ActiveCfg = Debug|Win32
		{95933FE9-C27C-41F0-B4AF-EAAADE94FD04}.Debug|x86.Build.0 = Debug|Win32
		{95933FE9-C27C-41F0-B4AF-EAAADE94FD04}.Release JIT|x64.ActiveCfg = Release|x64
		{95933FE9-C27C-41F0-B4AF-EAAADE94FD04}.Release JIT|x64.Build.0 = Release|x64
		{95933FE9-C27C-41F0-B4AF-EAAADE94FD04}.Release JIT|x86.ActiveCfg = Release|Win32
		{95933FE9-C27C-41F0-B4AF-EAAADE94FD04}.Release JIT|x86.Build.0 = Release|Win32
		{95933FE9-C27C-41F0-B4AF-EAAADE94FD04}.Release|x64.ActiveCfg = Release|x64
		{95933FE9-C27C-41F0-B4AF-EAAADE94FD04}.Release|x64.Build.0 = Release|x64
		{95933FE9-C27C-41F0-B4AF-EAAADE94FD04}.Release|x86.ActiveCfg = Release|Win32
		{95933FE9-C27C-41F0-B4AF-EAAADE94FD04}.Release|x86.Build.0 = Release|Win32
		{81CE8DAF-EBB2-4761-8E45-B71ABCCA8C68}.Debug JIT|x64.ActiveCfg = Debug|x64
		{81CE8DAF-EBB2-4761-8E45-B71ABCCA8C68}.Debug JIT|x64.Build.0 = Debug|x64
		{81CE8DAF-EBB2-4761-8E45-B71ABCCA8C68}.Debug JIT|x86.ActiveCfg = Debug|Win32
		{81CE8DAF-EBB2-4761-8E45-B71ABCCA8C68}.Debug JIT|x86.Build.0 = Debug|Win32
		{81CE8DAF-EBB2-4761-8E45-B71ABCCA8C68}.Debug|x64.ActiveCfg = Debug|x64
		{81CE8DAF-EBB2-4761-8E45-B71ABCCA8C68}.Debug|x64.Build.0 = Debug|x64
		{81CE8DAF-EBB2-4761-8E45-B71ABCCA8C68}.Debug|x86.ActiveCfg = Debug|Win32
		{81CE8DAF-EBB2-4761-8E45-B71ABCCA8C68}.Debug|x86.Build.0 = Debug|Win32
		{81CE8DAF-EBB2-4761-8E45-B71ABCCA8C68}.Release JIT|x64.ActiveCfg = Release|x64
		{81CE8DAF-EBB2-4761-8E45-B71ABCCA8C68}.Release JIT|x64.Build.0 = Release|x64
		{81CE8DAF-EBB2-4761-8E45-B71ABCCA8C68}.Release JIT|x86.ActiveCfg = Release|Win32
		{81CE8DAF-EBB2-4761-8E45-B71ABCCA8C68}.Release JIT|x86.Build.0 = Release|Win32
		{81CE8DAF-EBB2-4761-8E45-B71ABCCA8C68}.Release|x64.ActiveCfg = Release|x64
		{81CE8DAF-EBB2-4761-8E45-B71ABCCA8C68}.Release|x64.Build.0 = Release|x64
		{81CE8DAF-EBB2-4761-8E45-B71ABCCA8C68}.Release|x86.ActiveCfg = Release|Win32
		{81CE8DAF-EBB2-4761-8E45-B71ABCCA8C68}.Release|x86.Build.0 = Release|Win32
		{DA956FD3-E142-46F2-9DD5-C78BEBB56B7A}.Debug JIT|x64.ActiveCfg = Debug|x64
		{DA956FD3-E142-46F2-9DD5-C78BEBB56B7A}.Debug JIT|x64.Build.0 = Debug|x64
		{DA956FD3-E142-46F2-9DD5-C78BEBB56B7A}.Debug JIT|x86.ActiveCfg = Debug|Win32
		{DA956FD3-E142-46F2-9DD5-C78BEBB56B7A}.Debug JIT|x86.Build.0 = Debug|Win32
		{DA956FD3-E142-46F2-9DD5-C78BEBB56B7A}.Debug|x64.ActiveCfg = Debug|x64
		{DA956FD3-E142-46F2-9DD5-C78BEBB56B7A}.Debug|x64.Build.0 = Debug|x64
		{DA956FD3-E142-46F2-9DD5-C78BEBB56B7A}.Debug|x86.ActiveCfg = Debug|Win32
		{DA956FD3-E142-46F2-9DD5-C78BEBB56B7A}.Debug|x86.Build.0 = Debug|Win32
		{DA956FD3-E142-46F2-9DD5-C78BEBB56B7A}.Release JIT|x64.ActiveCfg = Release|x64
		{DA956FD3-E142-46F2-9DD5-C78BEBB56B7A}.Release JIT|x64.Build.0 = Release|x64
		{DA956FD3-E142-46F2-9DD5-C78BEBB56B7A}.Release JIT|x86.ActiveCfg = Release|Win32
		{DA956FD3-E142-46F2-9DD5-C78BEBB56B7A}.Release JIT|x86.Build.0 = Release|Win32
		{DA956FD3-E142-46F2-9DD5-C78BEBB56B7A}.Release|x64.ActiveCfg = Release|x64
		{DA956FD3-E142-46F2-9DD5-C78BEBB56B7A}.Release|x64.Build.0 = Release|x64
		{DA956FD3-E142-46F2-9DD5-C78BEBB56B7A}.Release|x86.ActiveCfg = Release|Win32
		{DA956FD3-E142-46F2-9DD5-C78BEBB56B7A}.Release|x86.Build.0 = Release|Win32
	EndGlobalSection
	GlobalSection(SolutionProperties) = preSolution
		HideSolutionNode = FALSE
	EndGlobalSection
EndGlobal
