// !$*UTF8*$!
{
	archiveVersion = 1;
	classes = {
	};
	objectVersion = 46;
	objects = {

/* Begin PBXBuildFile section */
		752F26F91F240E51001032B4 /* Foundation.framework in Frameworks */ = {isa = PBXBuildFile; fileRef = 752F26F81F240E51001032B4 /* Foundation.framework */; };
		752F26FB1F240E69001032B4 /* IOKit.framework in Frameworks */ = {isa = PBXBuildFile; fileRef = 752F26FA1F240E69001032B4 /* IOKit.framework */; };
		752F27011F242BAF001032B4 /* prefs_sdl.cpp in Sources */ = {isa = PBXBuildFile; fileRef = 752F27001F242BAF001032B4 /* prefs_sdl.cpp */; };
		752F27031F242F51001032B4 /* xpram_sdl.cpp in Sources */ = {isa = PBXBuildFile; fileRef = 752F27021F242F51001032B4 /* xpram_sdl.cpp */; };
		753253311F5368370024025B /* cpuemu_nf.cpp in Sources */ = {isa = PBXBuildFile; fileRef = 7532532C1F5368370024025B /* cpuemu_nf.cpp */; };
		753253321F5368370024025B /* cpuemu.cpp in Sources */ = {isa = PBXBuildFile; fileRef = 7532532D1F5368370024025B /* cpuemu.cpp */; };
		753253331F5368370024025B /* cpustbl_nf.cpp in Sources */ = {isa = PBXBuildFile; fileRef = 7532532E1F5368370024025B /* cpustbl_nf.cpp */; };
		753253341F5368370024025B /* cpustbl.cpp in Sources */ = {isa = PBXBuildFile; fileRef = 7532532F1F5368370024025B /* cpustbl.cpp */; };
		753253351F53688D0024025B /* readcpu.cpp in Sources */ = {isa = PBXBuildFile; fileRef = 7539E0CE1F23B25A006B2DF2 /* readcpu.cpp */; };
		7539E1251F23B25A006B2DF2 /* adb.cpp in Sources */ = {isa = PBXBuildFile; fileRef = 7539DFC91F23B25A006B2DF2 /* adb.cpp */; };
		7539E1261F23B25A006B2DF2 /* audio.cpp in Sources */ = {isa = PBXBuildFile; fileRef = 7539DFCA1F23B25A006B2DF2 /* audio.cpp */; };
		7539E1271F23B25A006B2DF2 /* cdrom.cpp in Sources */ = {isa = PBXBuildFile; fileRef = 7539DFCB1F23B25A006B2DF2 /* cdrom.cpp */; };
		7539E1281F23B25A006B2DF2 /* sigsegv.cpp in Sources */ = {isa = PBXBuildFile; fileRef = 7539DFCD1F23B25A006B2DF2 /* sigsegv.cpp */; };
		7539E1291F23B25A006B2DF2 /* video_blit.cpp in Sources */ = {isa = PBXBuildFile; fileRef = 7539DFCF1F23B25A006B2DF2 /* video_blit.cpp */; };
		7539E12A1F23B25A006B2DF2 /* vm_alloc.cpp in Sources */ = {isa = PBXBuildFile; fileRef = 7539DFD21F23B25A006B2DF2 /* vm_alloc.cpp */; };
		7539E12B1F23B25A006B2DF2 /* disk.cpp in Sources */ = {isa = PBXBuildFile; fileRef = 7539DFD41F23B25A006B2DF2 /* disk.cpp */; };
		7539E12C1F23B25A006B2DF2 /* emul_op.cpp in Sources */ = {isa = PBXBuildFile; fileRef = 7539DFD51F23B25A006B2DF2 /* emul_op.cpp */; };
		7539E12D1F23B25A006B2DF2 /* ether.cpp in Sources */ = {isa = PBXBuildFile; fileRef = 7539DFD61F23B25A006B2DF2 /* ether.cpp */; };
		7539E12E1F23B25A006B2DF2 /* extfs.cpp in Sources */ = {isa = PBXBuildFile; fileRef = 7539DFD71F23B25A006B2DF2 /* extfs.cpp */; };
		7539E12F1F23B25A006B2DF2 /* macos_util.cpp in Sources */ = {isa = PBXBuildFile; fileRef = 7539DFF81F23B25A006B2DF2 /* macos_util.cpp */; };
		7539E1341F23B25A006B2DF2 /* BasiliskII.icns in Resources */ = {isa = PBXBuildFile; fileRef = 7539E0021F23B25A006B2DF2 /* BasiliskII.icns */; };
		7539E16C1F23B25A006B2DF2 /* main.cpp in Sources */ = {isa = PBXBuildFile; fileRef = 7539E0651F23B25A006B2DF2 /* main.cpp */; };
		7539E16D1F23B25A006B2DF2 /* pict.c in Sources */ = {isa = PBXBuildFile; fileRef = 7539E0681F23B25A006B2DF2 /* pict.c */; };
		7539E16F1F23B25A006B2DF2 /* prefs_items.cpp in Sources */ = {isa = PBXBuildFile; fileRef = 7539E06C1F23B25A006B2DF2 /* prefs_items.cpp */; };
		7539E1701F23B25A006B2DF2 /* prefs.cpp in Sources */ = {isa = PBXBuildFile; fileRef = 7539E06D1F23B25A006B2DF2 /* prefs.cpp */; };
		7539E1711F23B25A006B2DF2 /* rom_patches.cpp in Sources */ = {isa = PBXBuildFile; fileRef = 7539E06E1F23B25A006B2DF2 /* rom_patches.cpp */; };
		7539E1721F23B25A006B2DF2 /* rsrc_patches.cpp in Sources */ = {isa = PBXBuildFile; fileRef = 7539E06F1F23B25A006B2DF2 /* rsrc_patches.cpp */; };
		7539E1731F23B25A006B2DF2 /* scsi.cpp in Sources */ = {isa = PBXBuildFile; fileRef = 7539E0701F23B25A006B2DF2 /* scsi.cpp */; };
		7539E1741F23B25A006B2DF2 /* audio_sdl.cpp in Sources */ = {isa = PBXBuildFile; fileRef = 7539E0721F23B25A006B2DF2 /* audio_sdl.cpp */; };
		7539E1781F23B25A006B2DF2 /* serial.cpp in Sources */ = {isa = PBXBuildFile; fileRef = 7539E0771F23B25A006B2DF2 /* serial.cpp */; };
		7539E18D1F23B25A006B2DF2 /* slot_rom.cpp in Sources */ = {isa = PBXBuildFile; fileRef = 7539E0A21F23B25A006B2DF2 /* slot_rom.cpp */; };
		7539E18E1F23B25A006B2DF2 /* sony.cpp in Sources */ = {isa = PBXBuildFile; fileRef = 7539E0A31F23B25A006B2DF2 /* sony.cpp */; };
		7539E18F1F23B25A006B2DF2 /* timer.cpp in Sources */ = {isa = PBXBuildFile; fileRef = 7539E0A41F23B25A006B2DF2 /* timer.cpp */; };
		7539E1901F23B25A006B2DF2 /* basilisk_glue.cpp in Sources */ = {isa = PBXBuildFile; fileRef = 7539E0A61F23B25A006B2DF2 /* basilisk_glue.cpp */; };
		7539E1981F23B25A006B2DF2 /* exceptions.cpp in Sources */ = {isa = PBXBuildFile; fileRef = 7539E0B51F23B25A006B2DF2 /* exceptions.cpp */; };
		7539E1991F23B25A006B2DF2 /* flags.cpp in Sources */ = {isa = PBXBuildFile; fileRef = 7539E0B71F23B25A006B2DF2 /* flags.cpp */; };
		7539E19D1F23B25A006B2DF2 /* mathlib.cpp in Sources */ = {isa = PBXBuildFile; fileRef = 7539E0C21F23B25A006B2DF2 /* mathlib.cpp */; };
		7539E19E1F23B25A006B2DF2 /* rounding.cpp in Sources */ = {isa = PBXBuildFile; fileRef = 7539E0C41F23B25A006B2DF2 /* rounding.cpp */; };
		7539E1A01F23B25A006B2DF2 /* memory.cpp in Sources */ = {isa = PBXBuildFile; fileRef = 7539E0C91F23B25A006B2DF2 /* memory.cpp */; };
		7539E1E11F23B25A006B2DF2 /* user_strings.cpp in Sources */ = {isa = PBXBuildFile; fileRef = 7539E1221F23B25A006B2DF2 /* user_strings.cpp */; };
		7539E1E21F23B25A006B2DF2 /* video.cpp in Sources */ = {isa = PBXBuildFile; fileRef = 7539E1231F23B25A006B2DF2 /* video.cpp */; };
		7539E1E31F23B25A006B2DF2 /* xpram.cpp in Sources */ = {isa = PBXBuildFile; fileRef = 7539E1241F23B25A006B2DF2 /* xpram.cpp */; };
		7539E23F1F23B32A006B2DF2 /* bincue_unix.cpp in Sources */ = {isa = PBXBuildFile; fileRef = 7539E1F01F23B329006B2DF2 /* bincue_unix.cpp */; };
		7539E24A1F23B32A006B2DF2 /* disk_sparsebundle.cpp in Sources */ = {isa = PBXBuildFile; fileRef = 7539E1FD1F23B32A006B2DF2 /* disk_sparsebundle.cpp */; };
		7539E2681F23B32A006B2DF2 /* rpc_unix.cpp in Sources */ = {isa = PBXBuildFile; fileRef = 7539E2241F23B32A006B2DF2 /* rpc_unix.cpp */; };
		7539E26C1F23B32A006B2DF2 /* sshpty.c in Sources */ = {isa = PBXBuildFile; fileRef = 7539E22A1F23B32A006B2DF2 /* sshpty.c */; };
		7539E26D1F23B32A006B2DF2 /* strlcpy.c in Sources */ = {isa = PBXBuildFile; fileRef = 7539E22C1F23B32A006B2DF2 /* strlcpy.c */; };
		7539E26E1F23B32A006B2DF2 /* sys_unix.cpp in Sources */ = {isa = PBXBuildFile; fileRef = 7539E22E1F23B32A006B2DF2 /* sys_unix.cpp */; };
		7539E26F1F23B32A006B2DF2 /* timer_unix.cpp in Sources */ = {isa = PBXBuildFile; fileRef = 7539E2301F23B32A006B2DF2 /* timer_unix.cpp */; };
		7539E2701F23B32A006B2DF2 /* tinyxml2.cpp in Sources */ = {isa = PBXBuildFile; fileRef = 7539E2311F23B32A006B2DF2 /* tinyxml2.cpp */; };
		7539E2801F23C4CA006B2DF2 /* main_unix.cpp in Sources */ = {isa = PBXBuildFile; fileRef = 7539E27F1F23C4CA006B2DF2 /* main_unix.cpp */; };
		7539E2911F23C56F006B2DF2 /* prefs_editor_dummy.cpp in Sources */ = {isa = PBXBuildFile; fileRef = 7539E2881F23C56F006B2DF2 /* prefs_editor_dummy.cpp */; };
		7539E2921F23C56F006B2DF2 /* scsi_dummy.cpp in Sources */ = {isa = PBXBuildFile; fileRef = 7539E2891F23C56F006B2DF2 /* scsi_dummy.cpp */; };
		7539E2931F23C56F006B2DF2 /* serial_dummy.cpp in Sources */ = {isa = PBXBuildFile; fileRef = 7539E28A1F23C56F006B2DF2 /* serial_dummy.cpp */; };
		7539E2971F23C5FD006B2DF2 /* newcpu.cpp in Sources */ = {isa = PBXBuildFile; fileRef = 7539E2961F23C5FD006B2DF2 /* newcpu.cpp */; };
		7539E29D1F23C83F006B2DF2 /* sys_darwin.cpp in Sources */ = {isa = PBXBuildFile; fileRef = 7539E29C1F23C83F006B2DF2 /* sys_darwin.cpp */; };
		756C1B341F252FC100620917 /* utils_macosx.mm in Sources */ = {isa = PBXBuildFile; fileRef = 756C1B331F252FC100620917 /* utils_macosx.mm */; };
		756C1B391F25306A00620917 /* AppKit.framework in Frameworks */ = {isa = PBXBuildFile; fileRef = 756C1B381F25306A00620917 /* AppKit.framework */; };
		757A2BF01F5AF9D6003EDB01 /* user_strings_unix.cpp in Sources */ = {isa = PBXBuildFile; fileRef = 757A2BEF1F5AF9D6003EDB01 /* user_strings_unix.cpp */; };
		75CBCF751F5DB3AD00830063 /* video_sdl2.cpp in Sources */ = {isa = PBXBuildFile; fileRef = 75CBCF741F5DB3AD00830063 /* video_sdl2.cpp */; };
		75CBCF771F5DB65E00830063 /* video_sdl.cpp in Sources */ = {isa = PBXBuildFile; fileRef = 75CBCF761F5DB65E00830063 /* video_sdl.cpp */; };
		E40CEEC620D7910E00BCB88D /* SDLMain.m in Sources */ = {isa = PBXBuildFile; fileRef = E40CEEC520D7910E00BCB88D /* SDLMain.m */; };
		E413D92120D260BC00E437D8 /* tftp.c in Sources */ = {isa = PBXBuildFile; fileRef = E413D8F820D260B900E437D8 /* tftp.c */; };
		E413D92220D260BC00E437D8 /* mbuf.c in Sources */ = {isa = PBXBuildFile; fileRef = E413D8F920D260B900E437D8 /* mbuf.c */; };
		E413D92320D260BC00E437D8 /* ip_icmp.c in Sources */ = {isa = PBXBuildFile; fileRef = E413D8FB20D260B900E437D8 /* ip_icmp.c */; };
		E413D92520D260BC00E437D8 /* tcp_input.c in Sources */ = {isa = PBXBuildFile; fileRef = E413D90120D260B900E437D8 /* tcp_input.c */; };
		E413D92620D260BC00E437D8 /* misc.c in Sources */ = {isa = PBXBuildFile; fileRef = E413D90220D260B900E437D8 /* misc.c */; };
		E413D92720D260BC00E437D8 /* debug.c in Sources */ = {isa = PBXBuildFile; fileRef = E413D90520D260BA00E437D8 /* debug.c */; };
		E413D92820D260BC00E437D8 /* tcp_subr.c in Sources */ = {isa = PBXBuildFile; fileRef = E413D90620D260BA00E437D8 /* tcp_subr.c */; };
		E413D92920D260BC00E437D8 /* udp.c in Sources */ = {isa = PBXBuildFile; fileRef = E413D90720D260BA00E437D8 /* udp.c */; };
		E413D92A20D260BC00E437D8 /* sbuf.c in Sources */ = {isa = PBXBuildFile; fileRef = E413D90920D260BA00E437D8 /* sbuf.c */; };
		E413D92C20D260BC00E437D8 /* slirp.c in Sources */ = {isa = PBXBuildFile; fileRef = E413D90D20D260BA00E437D8 /* slirp.c */; };
		E413D92D20D260BC00E437D8 /* tcp_timer.c in Sources */ = {isa = PBXBuildFile; fileRef = E413D91120D260BA00E437D8 /* tcp_timer.c */; };
		E413D92E20D260BC00E437D8 /* socket.c in Sources */ = {isa = PBXBuildFile; fileRef = E413D91820D260BB00E437D8 /* socket.c */; };
		E413D92F20D260BC00E437D8 /* bootp.c in Sources */ = {isa = PBXBuildFile; fileRef = E413D91B20D260BC00E437D8 /* bootp.c */; };
		E413D93020D260BC00E437D8 /* ip_input.c in Sources */ = {isa = PBXBuildFile; fileRef = E413D91C20D260BC00E437D8 /* ip_input.c */; };
		E413D93120D260BC00E437D8 /* ip_output.c in Sources */ = {isa = PBXBuildFile; fileRef = E413D91D20D260BC00E437D8 /* ip_output.c */; };
		E413D93220D260BC00E437D8 /* if.c in Sources */ = {isa = PBXBuildFile; fileRef = E413D91E20D260BC00E437D8 /* if.c */; };
		E413D93320D260BC00E437D8 /* cksum.c in Sources */ = {isa = PBXBuildFile; fileRef = E413D91F20D260BC00E437D8 /* cksum.c */; };
		E413D93420D260BC00E437D8 /* tcp_output.c in Sources */ = {isa = PBXBuildFile; fileRef = E413D92020D260BC00E437D8 /* tcp_output.c */; };
		E413D93620D260DA00E437D8 /* SDL2.framework in Frameworks */ = {isa = PBXBuildFile; fileRef = E413D93520D260DA00E437D8 /* SDL2.framework */; };
		E413D93820D2613500E437D8 /* ether_unix.cpp in Sources */ = {isa = PBXBuildFile; fileRef = E413D93720D2613500E437D8 /* ether_unix.cpp */; };
		E413D93A20D2614E00E437D8 /* extfs_macosx.cpp in Sources */ = {isa = PBXBuildFile; fileRef = E413D93920D2614E00E437D8 /* extfs_macosx.cpp */; };
		E4150D1420D559800077C51A /* SDL2.framework in Embed Frameworks */ = {isa = PBXBuildFile; fileRef = E4150D1320D559800077C51A /* SDL2.framework */; settings = {ATTRIBUTES = (CodeSignOnCopy, RemoveHeadersOnCopy, ); }; };
		E416BEEA2410AA9800751E6D /* Security.framework in Frameworks */ = {isa = PBXBuildFile; fileRef = E416BEE92410AA9800751E6D /* Security.framework */; };
		E416BEED2410AE0900751E6D /* etherhelpertool in Resources */ = {isa = PBXBuildFile; fileRef = E416BEEC2410AE0000751E6D /* etherhelpertool */; };
		E4555EED2354434B00139FCE /* Credits.html in Resources */ = {isa = PBXBuildFile; fileRef = 7539E00A1F23B25A006B2DF2 /* Credits.html */; };
		E490334E20D3A5890012DD5F /* clip_macosx64.mm in Sources */ = {isa = PBXBuildFile; fileRef = E490334D20D3A5890012DD5F /* clip_macosx64.mm */; };
		E4D8245323543D9800849B78 /* fpu_ieee.cpp in Sources */ = {isa = PBXBuildFile; fileRef = E4D8245223543D9700849B78 /* fpu_ieee.cpp */; };
		E4EE777523D7D71400BAE63A /* defs68k.c in Sources */ = {isa = PBXBuildFile; fileRef = E417913123D7D67C0009AD63 /* defs68k.c */; };
/* End PBXBuildFile section */

/* Begin PBXCopyFilesBuildPhase section */
		752F26F31F240140001032B4 /* Embed Frameworks */ = {
			isa = PBXCopyFilesBuildPhase;
			buildActionMask = 2147483647;
			dstPath = "";
			dstSubfolderSpec = 10;
			files = (
				E4150D1420D559800077C51A /* SDL2.framework in Embed Frameworks */,
			);
			name = "Embed Frameworks";
			runOnlyForDeploymentPostprocessing = 0;
		};
/* End PBXCopyFilesBuildPhase section */

/* Begin PBXFileReference section */
		752F26F81F240E51001032B4 /* Foundation.framework */ = {isa = PBXFileReference; lastKnownFileType = wrapper.framework; name = Foundation.framework; path = System/Library/Frameworks/Foundation.framework; sourceTree = SDKROOT; };
		752F26FA1F240E69001032B4 /* IOKit.framework */ = {isa = PBXFileReference; lastKnownFileType = wrapper.framework; name = IOKit.framework; path = System/Library/Frameworks/IOKit.framework; sourceTree = SDKROOT; };
		752F27001F242BAF001032B4 /* prefs_sdl.cpp */ = {isa = PBXFileReference; fileEncoding = 4; lastKnownFileType = sourcecode.cpp.cpp; path = prefs_sdl.cpp; sourceTree = "<group>"; };
		752F27021F242F51001032B4 /* xpram_sdl.cpp */ = {isa = PBXFileReference; fileEncoding = 4; lastKnownFileType = sourcecode.cpp.cpp; path = xpram_sdl.cpp; sourceTree = "<group>"; };
		753252E51F5359040024025B /* build68k.c */ = {isa = PBXFileReference; fileEncoding = 4; lastKnownFileType = sourcecode.c.c; path = build68k.c; sourceTree = "<group>"; };
		753253011F535F210024025B /* gencpu.c */ = {isa = PBXFileReference; fileEncoding = 4; lastKnownFileType = sourcecode.c.c; path = gencpu.c; sourceTree = "<group>"; };
		7532532C1F5368370024025B /* cpuemu_nf.cpp */ = {isa = PBXFileReference; fileEncoding = 4; lastKnownFileType = sourcecode.cpp.cpp; name = cpuemu_nf.cpp; path = gencpu_output/cpuemu_nf.cpp; sourceTree = BUILT_PRODUCTS_DIR; };
		7532532D1F5368370024025B /* cpuemu.cpp */ = {isa = PBXFileReference; fileEncoding = 4; lastKnownFileType = sourcecode.cpp.cpp; name = cpuemu.cpp; path = gencpu_output/cpuemu.cpp; sourceTree = BUILT_PRODUCTS_DIR; };
		7532532E1F5368370024025B /* cpustbl_nf.cpp */ = {isa = PBXFileReference; fileEncoding = 4; lastKnownFileType = sourcecode.cpp.cpp; name = cpustbl_nf.cpp; path = gencpu_output/cpustbl_nf.cpp; sourceTree = BUILT_PRODUCTS_DIR; };
		7532532F1F5368370024025B /* cpustbl.cpp */ = {isa = PBXFileReference; fileEncoding = 4; lastKnownFileType = sourcecode.cpp.cpp; name = cpustbl.cpp; path = gencpu_output/cpustbl.cpp; sourceTree = BUILT_PRODUCTS_DIR; };
		753253301F5368370024025B /* cputbl.h */ = {isa = PBXFileReference; fileEncoding = 4; lastKnownFileType = sourcecode.c.h; name = cputbl.h; path = gencpu_output/cputbl.h; sourceTree = BUILT_PRODUCTS_DIR; };
		7539DFB21F23B17E006B2DF2 /* BasiliskII.app */ = {isa = PBXFileReference; explicitFileType = wrapper.application; includeInIndex = 0; path = BasiliskII.app; sourceTree = BUILT_PRODUCTS_DIR; };
		7539DFC91F23B25A006B2DF2 /* adb.cpp */ = {isa = PBXFileReference; fileEncoding = 4; lastKnownFileType = sourcecode.cpp.cpp; name = adb.cpp; path = ../adb.cpp; sourceTree = "<group>"; };
		7539DFCA1F23B25A006B2DF2 /* audio.cpp */ = {isa = PBXFileReference; fileEncoding = 4; lastKnownFileType = sourcecode.cpp.cpp; name = audio.cpp; path = ../audio.cpp; sourceTree = "<group>"; };
		7539DFCB1F23B25A006B2DF2 /* cdrom.cpp */ = {isa = PBXFileReference; fileEncoding = 4; lastKnownFileType = sourcecode.cpp.cpp; name = cdrom.cpp; path = ../cdrom.cpp; sourceTree = "<group>"; };
		7539DFCD1F23B25A006B2DF2 /* sigsegv.cpp */ = {isa = PBXFileReference; fileEncoding = 4; lastKnownFileType = sourcecode.cpp.cpp; path = sigsegv.cpp; sourceTree = "<group>"; };
		7539DFCE1F23B25A006B2DF2 /* sigsegv.h */ = {isa = PBXFileReference; fileEncoding = 4; lastKnownFileType = sourcecode.c.h; path = sigsegv.h; sourceTree = "<group>"; };
		7539DFCF1F23B25A006B2DF2 /* video_blit.cpp */ = {isa = PBXFileReference; fileEncoding = 4; lastKnownFileType = sourcecode.cpp.cpp; path = video_blit.cpp; sourceTree = "<group>"; };
		7539DFD01F23B25A006B2DF2 /* video_blit.h */ = {isa = PBXFileReference; fileEncoding = 4; lastKnownFileType = sourcecode.c.h; path = video_blit.h; sourceTree = "<group>"; };
		7539DFD11F23B25A006B2DF2 /* video_vosf.h */ = {isa = PBXFileReference; fileEncoding = 4; lastKnownFileType = sourcecode.c.h; path = video_vosf.h; sourceTree = "<group>"; };
		7539DFD21F23B25A006B2DF2 /* vm_alloc.cpp */ = {isa = PBXFileReference; fileEncoding = 4; lastKnownFileType = sourcecode.cpp.cpp; path = vm_alloc.cpp; sourceTree = "<group>"; };
		7539DFD31F23B25A006B2DF2 /* vm_alloc.h */ = {isa = PBXFileReference; fileEncoding = 4; lastKnownFileType = sourcecode.c.h; path = vm_alloc.h; sourceTree = "<group>"; };
		7539DFD41F23B25A006B2DF2 /* disk.cpp */ = {isa = PBXFileReference; fileEncoding = 4; lastKnownFileType = sourcecode.cpp.cpp; name = disk.cpp; path = ../disk.cpp; sourceTree = "<group>"; };
		7539DFD51F23B25A006B2DF2 /* emul_op.cpp */ = {isa = PBXFileReference; fileEncoding = 4; lastKnownFileType = sourcecode.cpp.cpp; name = emul_op.cpp; path = ../emul_op.cpp; sourceTree = "<group>"; };
		7539DFD61F23B25A006B2DF2 /* ether.cpp */ = {isa = PBXFileReference; fileEncoding = 4; lastKnownFileType = sourcecode.cpp.cpp; name = ether.cpp; path = ../ether.cpp; sourceTree = "<group>"; };
		7539DFD71F23B25A006B2DF2 /* extfs.cpp */ = {isa = PBXFileReference; fileEncoding = 4; lastKnownFileType = sourcecode.cpp.cpp; name = extfs.cpp; path = ../extfs.cpp; sourceTree = "<group>"; };
		7539DFD91F23B25A006B2DF2 /* adb.h */ = {isa = PBXFileReference; fileEncoding = 4; lastKnownFileType = sourcecode.c.h; path = adb.h; sourceTree = "<group>"; };
		7539DFDA1F23B25A006B2DF2 /* audio.h */ = {isa = PBXFileReference; fileEncoding = 4; lastKnownFileType = sourcecode.c.h; path = audio.h; sourceTree = "<group>"; };
		7539DFDB1F23B25A006B2DF2 /* audio_defs.h */ = {isa = PBXFileReference; fileEncoding = 4; lastKnownFileType = sourcecode.c.h; path = audio_defs.h; sourceTree = "<group>"; };
		7539DFDC1F23B25A006B2DF2 /* cdrom.h */ = {isa = PBXFileReference; fileEncoding = 4; lastKnownFileType = sourcecode.c.h; path = cdrom.h; sourceTree = "<group>"; };
		7539DFDD1F23B25A006B2DF2 /* clip.h */ = {isa = PBXFileReference; fileEncoding = 4; lastKnownFileType = sourcecode.c.h; path = clip.h; sourceTree = "<group>"; };
		7539DFDE1F23B25A006B2DF2 /* debug.h */ = {isa = PBXFileReference; fileEncoding = 4; lastKnownFileType = sourcecode.c.h; path = debug.h; sourceTree = "<group>"; };
		7539DFDF1F23B25A006B2DF2 /* disk.h */ = {isa = PBXFileReference; fileEncoding = 4; lastKnownFileType = sourcecode.c.h; path = disk.h; sourceTree = "<group>"; };
		7539DFE01F23B25A006B2DF2 /* emul_op.h */ = {isa = PBXFileReference; fileEncoding = 4; lastKnownFileType = sourcecode.c.h; path = emul_op.h; sourceTree = "<group>"; };
		7539DFE11F23B25A006B2DF2 /* ether.h */ = {isa = PBXFileReference; fileEncoding = 4; lastKnownFileType = sourcecode.c.h; path = ether.h; sourceTree = "<group>"; };
		7539DFE21F23B25A006B2DF2 /* ether_defs.h */ = {isa = PBXFileReference; fileEncoding = 4; lastKnownFileType = sourcecode.c.h; path = ether_defs.h; sourceTree = "<group>"; };
		7539DFE31F23B25A006B2DF2 /* extfs.h */ = {isa = PBXFileReference; fileEncoding = 4; lastKnownFileType = sourcecode.c.h; path = extfs.h; sourceTree = "<group>"; };
		7539DFE41F23B25A006B2DF2 /* extfs_defs.h */ = {isa = PBXFileReference; fileEncoding = 4; lastKnownFileType = sourcecode.c.h; path = extfs_defs.h; sourceTree = "<group>"; };
		7539DFE51F23B25A006B2DF2 /* macos_util.h */ = {isa = PBXFileReference; fileEncoding = 4; lastKnownFileType = sourcecode.c.h; path = macos_util.h; sourceTree = "<group>"; };
		7539DFE61F23B25A006B2DF2 /* main.h */ = {isa = PBXFileReference; fileEncoding = 4; lastKnownFileType = sourcecode.c.h; path = main.h; sourceTree = "<group>"; };
		7539DFE71F23B25A006B2DF2 /* pict.h */ = {isa = PBXFileReference; fileEncoding = 4; lastKnownFileType = sourcecode.c.h; path = pict.h; sourceTree = "<group>"; };
		7539DFE81F23B25A006B2DF2 /* prefs.h */ = {isa = PBXFileReference; fileEncoding = 4; lastKnownFileType = sourcecode.c.h; path = prefs.h; sourceTree = "<group>"; };
		7539DFE91F23B25A006B2DF2 /* prefs_editor.h */ = {isa = PBXFileReference; fileEncoding = 4; lastKnownFileType = sourcecode.c.h; path = prefs_editor.h; sourceTree = "<group>"; };
		7539DFEA1F23B25A006B2DF2 /* rom_patches.h */ = {isa = PBXFileReference; fileEncoding = 4; lastKnownFileType = sourcecode.c.h; path = rom_patches.h; sourceTree = "<group>"; };
		7539DFEB1F23B25A006B2DF2 /* rsrc_patches.h */ = {isa = PBXFileReference; fileEncoding = 4; lastKnownFileType = sourcecode.c.h; path = rsrc_patches.h; sourceTree = "<group>"; };
		7539DFEC1F23B25A006B2DF2 /* scsi.h */ = {isa = PBXFileReference; fileEncoding = 4; lastKnownFileType = sourcecode.c.h; path = scsi.h; sourceTree = "<group>"; };
		7539DFED1F23B25A006B2DF2 /* serial.h */ = {isa = PBXFileReference; fileEncoding = 4; lastKnownFileType = sourcecode.c.h; path = serial.h; sourceTree = "<group>"; };
		7539DFEE1F23B25A006B2DF2 /* serial_defs.h */ = {isa = PBXFileReference; fileEncoding = 4; lastKnownFileType = sourcecode.c.h; path = serial_defs.h; sourceTree = "<group>"; };
		7539DFEF1F23B25A006B2DF2 /* slot_rom.h */ = {isa = PBXFileReference; fileEncoding = 4; lastKnownFileType = sourcecode.c.h; path = slot_rom.h; sourceTree = "<group>"; };
		7539DFF01F23B25A006B2DF2 /* sony.h */ = {isa = PBXFileReference; fileEncoding = 4; lastKnownFileType = sourcecode.c.h; path = sony.h; sourceTree = "<group>"; };
		7539DFF11F23B25A006B2DF2 /* sys.h */ = {isa = PBXFileReference; fileEncoding = 4; lastKnownFileType = sourcecode.c.h; path = sys.h; sourceTree = "<group>"; };
		7539DFF21F23B25A006B2DF2 /* timer.h */ = {isa = PBXFileReference; fileEncoding = 4; lastKnownFileType = sourcecode.c.h; path = timer.h; sourceTree = "<group>"; };
		7539DFF31F23B25A006B2DF2 /* user_strings.h */ = {isa = PBXFileReference; fileEncoding = 4; lastKnownFileType = sourcecode.c.h; path = user_strings.h; sourceTree = "<group>"; };
		7539DFF41F23B25A006B2DF2 /* version.h */ = {isa = PBXFileReference; fileEncoding = 4; lastKnownFileType = sourcecode.c.h; path = version.h; sourceTree = "<group>"; };
		7539DFF51F23B25A006B2DF2 /* video.h */ = {isa = PBXFileReference; fileEncoding = 4; lastKnownFileType = sourcecode.c.h; path = video.h; sourceTree = "<group>"; };
		7539DFF61F23B25A006B2DF2 /* video_defs.h */ = {isa = PBXFileReference; fileEncoding = 4; lastKnownFileType = sourcecode.c.h; path = video_defs.h; sourceTree = "<group>"; };
		7539DFF71F23B25A006B2DF2 /* xpram.h */ = {isa = PBXFileReference; fileEncoding = 4; lastKnownFileType = sourcecode.c.h; path = xpram.h; sourceTree = "<group>"; };
		7539DFF81F23B25A006B2DF2 /* macos_util.cpp */ = {isa = PBXFileReference; fileEncoding = 4; lastKnownFileType = sourcecode.cpp.cpp; name = macos_util.cpp; path = ../macos_util.cpp; sourceTree = "<group>"; };
		7539DFFA1F23B25A006B2DF2 /* Assets.xcassets */ = {isa = PBXFileReference; lastKnownFileType = folder; path = Assets.xcassets; sourceTree = "<group>"; };
		7539DFFB1F23B25A006B2DF2 /* audio_defs_macosx.h */ = {isa = PBXFileReference; fileEncoding = 4; lastKnownFileType = sourcecode.c.h; path = audio_defs_macosx.h; sourceTree = "<group>"; };
		7539E0021F23B25A006B2DF2 /* BasiliskII.icns */ = {isa = PBXFileReference; lastKnownFileType = image.icns; path = BasiliskII.icns; sourceTree = "<group>"; };
		7539E00A1F23B25A006B2DF2 /* Credits.html */ = {isa = PBXFileReference; fileEncoding = 4; lastKnownFileType = text.html; path = Credits.html; sourceTree = "<group>"; };
		7539E0101F23B25A006B2DF2 /* English */ = {isa = PBXFileReference; lastKnownFileType = text.plist.strings; name = English; path = English.lproj/InfoPlist.strings; sourceTree = "<group>"; };
		7539E0141F23B25A006B2DF2 /* HowTo.html */ = {isa = PBXFileReference; fileEncoding = 4; lastKnownFileType = text.html; path = HowTo.html; sourceTree = "<group>"; };
		7539E02B1F23B25A006B2DF2 /* ToDo.html */ = {isa = PBXFileReference; fileEncoding = 4; lastKnownFileType = text.html; path = ToDo.html; sourceTree = "<group>"; };
		7539E02E1F23B25A006B2DF2 /* Versions.html */ = {isa = PBXFileReference; fileEncoding = 4; lastKnownFileType = text.html; path = Versions.html; sourceTree = "<group>"; };
		7539E0651F23B25A006B2DF2 /* main.cpp */ = {isa = PBXFileReference; fileEncoding = 4; lastKnownFileType = sourcecode.cpp.cpp; name = main.cpp; path = ../main.cpp; sourceTree = "<group>"; };
		7539E0681F23B25A006B2DF2 /* pict.c */ = {isa = PBXFileReference; fileEncoding = 4; lastKnownFileType = sourcecode.c.c; name = pict.c; path = ../pict.c; sourceTree = "<group>"; };
		7539E06C1F23B25A006B2DF2 /* prefs_items.cpp */ = {isa = PBXFileReference; fileEncoding = 4; lastKnownFileType = sourcecode.cpp.cpp; name = prefs_items.cpp; path = ../prefs_items.cpp; sourceTree = "<group>"; };
		7539E06D1F23B25A006B2DF2 /* prefs.cpp */ = {isa = PBXFileReference; fileEncoding = 4; lastKnownFileType = sourcecode.cpp.cpp; name = prefs.cpp; path = ../prefs.cpp; sourceTree = "<group>"; };
		7539E06E1F23B25A006B2DF2 /* rom_patches.cpp */ = {isa = PBXFileReference; fileEncoding = 4; lastKnownFileType = sourcecode.cpp.cpp; name = rom_patches.cpp; path = ../rom_patches.cpp; sourceTree = "<group>"; };
		7539E06F1F23B25A006B2DF2 /* rsrc_patches.cpp */ = {isa = PBXFileReference; fileEncoding = 4; lastKnownFileType = sourcecode.cpp.cpp; name = rsrc_patches.cpp; path = ../rsrc_patches.cpp; sourceTree = "<group>"; };
		7539E0701F23B25A006B2DF2 /* scsi.cpp */ = {isa = PBXFileReference; fileEncoding = 4; lastKnownFileType = sourcecode.cpp.cpp; name = scsi.cpp; path = ../scsi.cpp; sourceTree = "<group>"; };
		7539E0721F23B25A006B2DF2 /* audio_sdl.cpp */ = {isa = PBXFileReference; fileEncoding = 4; lastKnownFileType = sourcecode.cpp.cpp; path = audio_sdl.cpp; sourceTree = "<group>"; };
		7539E0731F23B25A006B2DF2 /* keycodes */ = {isa = PBXFileReference; fileEncoding = 4; lastKnownFileType = text; path = keycodes; sourceTree = "<group>"; };
		7539E0771F23B25A006B2DF2 /* serial.cpp */ = {isa = PBXFileReference; fileEncoding = 4; lastKnownFileType = sourcecode.cpp.cpp; name = serial.cpp; path = ../serial.cpp; sourceTree = "<group>"; };
		7539E0A21F23B25A006B2DF2 /* slot_rom.cpp */ = {isa = PBXFileReference; fileEncoding = 4; lastKnownFileType = sourcecode.cpp.cpp; name = slot_rom.cpp; path = ../slot_rom.cpp; sourceTree = "<group>"; };
		7539E0A31F23B25A006B2DF2 /* sony.cpp */ = {isa = PBXFileReference; fileEncoding = 4; lastKnownFileType = sourcecode.cpp.cpp; name = sony.cpp; path = ../sony.cpp; sourceTree = "<group>"; };
		7539E0A41F23B25A006B2DF2 /* timer.cpp */ = {isa = PBXFileReference; fileEncoding = 4; lastKnownFileType = sourcecode.cpp.cpp; name = timer.cpp; path = ../timer.cpp; sourceTree = "<group>"; };
		7539E0A61F23B25A006B2DF2 /* basilisk_glue.cpp */ = {isa = PBXFileReference; fileEncoding = 4; lastKnownFileType = sourcecode.cpp.cpp; path = basilisk_glue.cpp; sourceTree = "<group>"; };
		7539E0AB1F23B25A006B2DF2 /* compemu.h */ = {isa = PBXFileReference; fileEncoding = 4; lastKnownFileType = sourcecode.c.h; path = compemu.h; sourceTree = "<group>"; };
		7539E0AE1F23B25A006B2DF2 /* flags_x86.h */ = {isa = PBXFileReference; fileEncoding = 4; lastKnownFileType = sourcecode.c.h; path = flags_x86.h; sourceTree = "<group>"; };
		7539E0B11F23B25A006B2DF2 /* cpu_emulation.h */ = {isa = PBXFileReference; fileEncoding = 4; lastKnownFileType = sourcecode.c.h; path = cpu_emulation.h; sourceTree = "<group>"; };
		7539E0B41F23B25A006B2DF2 /* core.h */ = {isa = PBXFileReference; fileEncoding = 4; lastKnownFileType = sourcecode.c.h; path = core.h; sourceTree = "<group>"; };
		7539E0B51F23B25A006B2DF2 /* exceptions.cpp */ = {isa = PBXFileReference; fileEncoding = 4; lastKnownFileType = sourcecode.cpp.cpp; path = exceptions.cpp; sourceTree = "<group>"; };
		7539E0B61F23B25A006B2DF2 /* exceptions.h */ = {isa = PBXFileReference; fileEncoding = 4; lastKnownFileType = sourcecode.c.h; path = exceptions.h; sourceTree = "<group>"; };
		7539E0B71F23B25A006B2DF2 /* flags.cpp */ = {isa = PBXFileReference; fileEncoding = 4; lastKnownFileType = sourcecode.cpp.cpp; path = flags.cpp; sourceTree = "<group>"; };
		7539E0B81F23B25A006B2DF2 /* flags.h */ = {isa = PBXFileReference; fileEncoding = 4; lastKnownFileType = sourcecode.c.h; path = flags.h; sourceTree = "<group>"; };
		7539E0B91F23B25A006B2DF2 /* fpu.h */ = {isa = PBXFileReference; fileEncoding = 4; lastKnownFileType = sourcecode.c.h; path = fpu.h; sourceTree = "<group>"; };
		7539E0BB1F23B25A006B2DF2 /* fpu_ieee.h */ = {isa = PBXFileReference; fileEncoding = 4; lastKnownFileType = sourcecode.c.h; path = fpu_ieee.h; sourceTree = "<group>"; };
		7539E0BD1F23B25A006B2DF2 /* fpu_uae.h */ = {isa = PBXFileReference; fileEncoding = 4; lastKnownFileType = sourcecode.c.h; path = fpu_uae.h; sourceTree = "<group>"; };
		7539E0BF1F23B25A006B2DF2 /* fpu_x86.h */ = {isa = PBXFileReference; fileEncoding = 4; lastKnownFileType = sourcecode.c.h; path = fpu_x86.h; sourceTree = "<group>"; };
		7539E0C01F23B25A006B2DF2 /* fpu_x86_asm.h */ = {isa = PBXFileReference; fileEncoding = 4; lastKnownFileType = sourcecode.c.h; path = fpu_x86_asm.h; sourceTree = "<group>"; };
		7539E0C11F23B25A006B2DF2 /* impl.h */ = {isa = PBXFileReference; fileEncoding = 4; lastKnownFileType = sourcecode.c.h; path = impl.h; sourceTree = "<group>"; };
		7539E0C21F23B25A006B2DF2 /* mathlib.cpp */ = {isa = PBXFileReference; fileEncoding = 4; lastKnownFileType = sourcecode.cpp.cpp; path = mathlib.cpp; sourceTree = "<group>"; };
		7539E0C31F23B25A006B2DF2 /* mathlib.h */ = {isa = PBXFileReference; fileEncoding = 4; lastKnownFileType = sourcecode.c.h; path = mathlib.h; sourceTree = "<group>"; };
		7539E0C41F23B25A006B2DF2 /* rounding.cpp */ = {isa = PBXFileReference; fileEncoding = 4; lastKnownFileType = sourcecode.cpp.cpp; path = rounding.cpp; sourceTree = "<group>"; };
		7539E0C51F23B25A006B2DF2 /* rounding.h */ = {isa = PBXFileReference; fileEncoding = 4; lastKnownFileType = sourcecode.c.h; path = rounding.h; sourceTree = "<group>"; };
		7539E0C61F23B25A006B2DF2 /* types.h */ = {isa = PBXFileReference; fileEncoding = 4; lastKnownFileType = sourcecode.c.h; path = types.h; sourceTree = "<group>"; };
		7539E0C81F23B25A006B2DF2 /* m68k.h */ = {isa = PBXFileReference; fileEncoding = 4; lastKnownFileType = sourcecode.c.h; path = m68k.h; sourceTree = "<group>"; };
		7539E0C91F23B25A006B2DF2 /* memory.cpp */ = {isa = PBXFileReference; fileEncoding = 4; lastKnownFileType = sourcecode.cpp.cpp; path = memory.cpp; sourceTree = "<group>"; };
		7539E0CA1F23B25A006B2DF2 /* memory.h */ = {isa = PBXFileReference; fileEncoding = 4; lastKnownFileType = sourcecode.c.h; path = memory.h; sourceTree = "<group>"; };
		7539E0CC1F23B25A006B2DF2 /* newcpu.h */ = {isa = PBXFileReference; fileEncoding = 4; lastKnownFileType = sourcecode.c.h; path = newcpu.h; sourceTree = "<group>"; };
		7539E0CD1F23B25A006B2DF2 /* noflags.h */ = {isa = PBXFileReference; fileEncoding = 4; lastKnownFileType = sourcecode.c.h; path = noflags.h; sourceTree = "<group>"; };
		7539E0CE1F23B25A006B2DF2 /* readcpu.cpp */ = {isa = PBXFileReference; fileEncoding = 4; lastKnownFileType = sourcecode.cpp.cpp; path = readcpu.cpp; sourceTree = "<group>"; };
		7539E0CF1F23B25A006B2DF2 /* readcpu.h */ = {isa = PBXFileReference; fileEncoding = 4; lastKnownFileType = sourcecode.c.h; path = readcpu.h; sourceTree = "<group>"; };
		7539E0D01F23B25A006B2DF2 /* spcflags.h */ = {isa = PBXFileReference; fileEncoding = 4; lastKnownFileType = sourcecode.c.h; path = spcflags.h; sourceTree = "<group>"; };
		7539E0D11F23B25A006B2DF2 /* table68k */ = {isa = PBXFileReference; fileEncoding = 4; lastKnownFileType = text; path = table68k; sourceTree = "<group>"; };
		7539E1221F23B25A006B2DF2 /* user_strings.cpp */ = {isa = PBXFileReference; fileEncoding = 4; lastKnownFileType = sourcecode.cpp.cpp; name = user_strings.cpp; path = ../user_strings.cpp; sourceTree = "<group>"; };
		7539E1231F23B25A006B2DF2 /* video.cpp */ = {isa = PBXFileReference; fileEncoding = 4; lastKnownFileType = sourcecode.cpp.cpp; name = video.cpp; path = ../video.cpp; sourceTree = "<group>"; };
		7539E1241F23B25A006B2DF2 /* xpram.cpp */ = {isa = PBXFileReference; fileEncoding = 4; lastKnownFileType = sourcecode.cpp.cpp; name = xpram.cpp; path = ../xpram.cpp; sourceTree = "<group>"; };
		7539E1F01F23B329006B2DF2 /* bincue_unix.cpp */ = {isa = PBXFileReference; fileEncoding = 4; lastKnownFileType = sourcecode.cpp.cpp; path = bincue_unix.cpp; sourceTree = "<group>"; };
		7539E1F11F23B329006B2DF2 /* bincue_unix.h */ = {isa = PBXFileReference; fileEncoding = 4; lastKnownFileType = sourcecode.c.h; path = bincue_unix.h; sourceTree = "<group>"; };
		7539E1F81F23B329006B2DF2 /* gtk-osx.patch */ = {isa = PBXFileReference; fileEncoding = 4; lastKnownFileType = text; path = "gtk-osx.patch"; sourceTree = "<group>"; };
		7539E1FA1F23B32A006B2DF2 /* mkstandalone */ = {isa = PBXFileReference; fileEncoding = 4; lastKnownFileType = text.script.sh; path = mkstandalone; sourceTree = "<group>"; };
		7539E1FC1F23B32A006B2DF2 /* testlmem.sh */ = {isa = PBXFileReference; fileEncoding = 4; lastKnownFileType = text.script.sh; path = testlmem.sh; sourceTree = "<group>"; };
		7539E1FD1F23B32A006B2DF2 /* disk_sparsebundle.cpp */ = {isa = PBXFileReference; fileEncoding = 4; lastKnownFileType = sourcecode.cpp.cpp; path = disk_sparsebundle.cpp; sourceTree = "<group>"; };
		7539E1FE1F23B32A006B2DF2 /* disk_unix.h */ = {isa = PBXFileReference; fileEncoding = 4; lastKnownFileType = sourcecode.c.h; path = disk_unix.h; sourceTree = "<group>"; };
		7539E2011F23B32A006B2DF2 /* fbdevices */ = {isa = PBXFileReference; fileEncoding = 4; lastKnownFileType = text; path = fbdevices; sourceTree = "<group>"; };
		7539E2051F23B32A006B2DF2 /* install-sh */ = {isa = PBXFileReference; fileEncoding = 4; lastKnownFileType = text.script.sh; path = "install-sh"; sourceTree = "<group>"; };
		7539E20A1F23B32A006B2DF2 /* keycodes */ = {isa = PBXFileReference; fileEncoding = 4; lastKnownFileType = text; path = keycodes; sourceTree = "<group>"; };
		7539E20C1F23B32A006B2DF2 /* freebsd-i386.ld */ = {isa = PBXFileReference; fileEncoding = 4; lastKnownFileType = text; path = "freebsd-i386.ld"; sourceTree = "<group>"; };
		7539E20D1F23B32A006B2DF2 /* linux-i386.ld */ = {isa = PBXFileReference; fileEncoding = 4; lastKnownFileType = text; path = "linux-i386.ld"; sourceTree = "<group>"; };
		7539E20E1F23B32A006B2DF2 /* linux-ppc.ld */ = {isa = PBXFileReference; fileEncoding = 4; lastKnownFileType = text; path = "linux-ppc.ld"; sourceTree = "<group>"; };
		7539E20F1F23B32A006B2DF2 /* linux-x86_64.ld */ = {isa = PBXFileReference; fileEncoding = 4; lastKnownFileType = text; path = "linux-x86_64.ld"; sourceTree = "<group>"; };
		7539E2181F23B32A006B2DF2 /* egrep.m4 */ = {isa = PBXFileReference; fileEncoding = 4; lastKnownFileType = text; path = egrep.m4; sourceTree = "<group>"; };
		7539E2191F23B32A006B2DF2 /* esd.m4 */ = {isa = PBXFileReference; fileEncoding = 4; lastKnownFileType = text; path = esd.m4; sourceTree = "<group>"; };
		7539E21A1F23B32A006B2DF2 /* gettext.m4 */ = {isa = PBXFileReference; fileEncoding = 4; lastKnownFileType = text; path = gettext.m4; sourceTree = "<group>"; };
		7539E21B1F23B32A006B2DF2 /* gtk-2.0.m4 */ = {isa = PBXFileReference; fileEncoding = 4; lastKnownFileType = text; path = "gtk-2.0.m4"; sourceTree = "<group>"; };
		7539E21C1F23B32A006B2DF2 /* gtk.m4 */ = {isa = PBXFileReference; fileEncoding = 4; lastKnownFileType = text; path = gtk.m4; sourceTree = "<group>"; };
		7539E21E1F23B32A006B2DF2 /* Makefile.in */ = {isa = PBXFileReference; fileEncoding = 4; lastKnownFileType = text; path = Makefile.in; sourceTree = "<group>"; };
		7539E21F1F23B32A006B2DF2 /* mkinstalldirs */ = {isa = PBXFileReference; fileEncoding = 4; lastKnownFileType = text.script.sh; path = mkinstalldirs; sourceTree = "<group>"; };
		7539E2231F23B32A006B2DF2 /* rpc.h */ = {isa = PBXFileReference; fileEncoding = 4; lastKnownFileType = sourcecode.c.h; path = rpc.h; sourceTree = "<group>"; };
		7539E2241F23B32A006B2DF2 /* rpc_unix.cpp */ = {isa = PBXFileReference; fileEncoding = 4; lastKnownFileType = sourcecode.cpp.cpp; path = rpc_unix.cpp; sourceTree = "<group>"; };
		7539E2251F23B32A006B2DF2 /* semaphore.h */ = {isa = PBXFileReference; fileEncoding = 4; lastKnownFileType = sourcecode.c.h; path = semaphore.h; sourceTree = "<group>"; };
		7539E22A1F23B32A006B2DF2 /* sshpty.c */ = {isa = PBXFileReference; fileEncoding = 4; lastKnownFileType = sourcecode.c.c; path = sshpty.c; sourceTree = "<group>"; };
		7539E22B1F23B32A006B2DF2 /* sshpty.h */ = {isa = PBXFileReference; fileEncoding = 4; lastKnownFileType = sourcecode.c.h; path = sshpty.h; sourceTree = "<group>"; };
		7539E22C1F23B32A006B2DF2 /* strlcpy.c */ = {isa = PBXFileReference; fileEncoding = 4; lastKnownFileType = sourcecode.c.c; path = strlcpy.c; sourceTree = "<group>"; };
		7539E22D1F23B32A006B2DF2 /* strlcpy.h */ = {isa = PBXFileReference; fileEncoding = 4; lastKnownFileType = sourcecode.c.h; path = strlcpy.h; sourceTree = "<group>"; };
		7539E22E1F23B32A006B2DF2 /* sys_unix.cpp */ = {isa = PBXFileReference; fileEncoding = 4; lastKnownFileType = sourcecode.cpp.cpp; path = sys_unix.cpp; sourceTree = "<group>"; };
		7539E22F1F23B32A006B2DF2 /* sysdeps.h */ = {isa = PBXFileReference; fileEncoding = 4; lastKnownFileType = sourcecode.c.h; path = sysdeps.h; sourceTree = "<group>"; };
		7539E2301F23B32A006B2DF2 /* timer_unix.cpp */ = {isa = PBXFileReference; fileEncoding = 4; lastKnownFileType = sourcecode.cpp.cpp; path = timer_unix.cpp; sourceTree = "<group>"; };
		7539E2311F23B32A006B2DF2 /* tinyxml2.cpp */ = {isa = PBXFileReference; fileEncoding = 4; lastKnownFileType = sourcecode.cpp.cpp; path = tinyxml2.cpp; sourceTree = "<group>"; };
		7539E2321F23B32A006B2DF2 /* tinyxml2.h */ = {isa = PBXFileReference; fileEncoding = 4; lastKnownFileType = sourcecode.c.h; path = tinyxml2.h; sourceTree = "<group>"; };
		7539E2331F23B32A006B2DF2 /* tunconfig */ = {isa = PBXFileReference; fileEncoding = 4; lastKnownFileType = text.script.sh; path = tunconfig; sourceTree = "<group>"; };
		7539E2351F23B32A006B2DF2 /* user_strings_unix.h */ = {isa = PBXFileReference; fileEncoding = 4; lastKnownFileType = sourcecode.c.h; path = user_strings_unix.h; sourceTree = "<group>"; };
		7539E27E1F23BEB4006B2DF2 /* config.h */ = {isa = PBXFileReference; fileEncoding = 4; lastKnownFileType = sourcecode.c.h; path = config.h; sourceTree = "<group>"; };
		7539E27F1F23C4CA006B2DF2 /* main_unix.cpp */ = {isa = PBXFileReference; fileEncoding = 4; lastKnownFileType = sourcecode.cpp.cpp; path = main_unix.cpp; sourceTree = "<group>"; };
		7539E2861F23C56F006B2DF2 /* ether_dummy.cpp */ = {isa = PBXFileReference; fileEncoding = 4; lastKnownFileType = sourcecode.cpp.cpp; path = ether_dummy.cpp; sourceTree = "<group>"; };
		7539E2881F23C56F006B2DF2 /* prefs_editor_dummy.cpp */ = {isa = PBXFileReference; fileEncoding = 4; lastKnownFileType = sourcecode.cpp.cpp; path = prefs_editor_dummy.cpp; sourceTree = "<group>"; };
		7539E2891F23C56F006B2DF2 /* scsi_dummy.cpp */ = {isa = PBXFileReference; fileEncoding = 4; lastKnownFileType = sourcecode.cpp.cpp; path = scsi_dummy.cpp; sourceTree = "<group>"; };
		7539E28A1F23C56F006B2DF2 /* serial_dummy.cpp */ = {isa = PBXFileReference; fileEncoding = 4; lastKnownFileType = sourcecode.cpp.cpp; path = serial_dummy.cpp; sourceTree = "<group>"; };
		7539E2961F23C5FD006B2DF2 /* newcpu.cpp */ = {isa = PBXFileReference; fileEncoding = 4; lastKnownFileType = sourcecode.cpp.cpp; path = newcpu.cpp; sourceTree = "<group>"; };
		7539E29C1F23C83F006B2DF2 /* sys_darwin.cpp */ = {isa = PBXFileReference; fileEncoding = 4; lastKnownFileType = sourcecode.cpp.cpp; path = sys_darwin.cpp; sourceTree = "<group>"; };
		7539E2AA1F23CDB7006B2DF2 /* Info.plist */ = {isa = PBXFileReference; fileEncoding = 4; lastKnownFileType = text.plist.xml; path = Info.plist; sourceTree = "<group>"; };
		756C1B321F252FC100620917 /* utils_macosx.h */ = {isa = PBXFileReference; fileEncoding = 4; lastKnownFileType = sourcecode.c.h; path = utils_macosx.h; sourceTree = "<group>"; };
		756C1B331F252FC100620917 /* utils_macosx.mm */ = {isa = PBXFileReference; fileEncoding = 4; lastKnownFileType = sourcecode.cpp.objcpp; path = utils_macosx.mm; sourceTree = "<group>"; };
		756C1B381F25306A00620917 /* AppKit.framework */ = {isa = PBXFileReference; lastKnownFileType = wrapper.framework; name = AppKit.framework; path = System/Library/Frameworks/AppKit.framework; sourceTree = SDKROOT; };
		757A2BEF1F5AF9D6003EDB01 /* user_strings_unix.cpp */ = {isa = PBXFileReference; fileEncoding = 4; lastKnownFileType = sourcecode.cpp.cpp; path = user_strings_unix.cpp; sourceTree = "<group>"; };
		75CBCF741F5DB3AD00830063 /* video_sdl2.cpp */ = {isa = PBXFileReference; fileEncoding = 4; lastKnownFileType = sourcecode.cpp.cpp; path = video_sdl2.cpp; sourceTree = "<group>"; };
		75CBCF761F5DB65E00830063 /* video_sdl.cpp */ = {isa = PBXFileReference; fileEncoding = 4; lastKnownFileType = sourcecode.cpp.cpp; path = video_sdl.cpp; sourceTree = "<group>"; };
		E40CEEC420D7910D00BCB88D /* SDLMain.h */ = {isa = PBXFileReference; fileEncoding = 4; lastKnownFileType = sourcecode.c.h; path = SDLMain.h; sourceTree = "<group>"; };
		E40CEEC520D7910E00BCB88D /* SDLMain.m */ = {isa = PBXFileReference; fileEncoding = 4; lastKnownFileType = sourcecode.c.objc; path = SDLMain.m; sourceTree = "<group>"; };
		E413D8F820D260B900E437D8 /* tftp.c */ = {isa = PBXFileReference; fileEncoding = 4; lastKnownFileType = sourcecode.c.c; path = tftp.c; sourceTree = "<group>"; };
		E413D8F920D260B900E437D8 /* mbuf.c */ = {isa = PBXFileReference; fileEncoding = 4; lastKnownFileType = sourcecode.c.c; path = mbuf.c; sourceTree = "<group>"; };
		E413D8FA20D260B900E437D8 /* tftp.h */ = {isa = PBXFileReference; fileEncoding = 4; lastKnownFileType = sourcecode.c.h; path = tftp.h; sourceTree = "<group>"; };
		E413D8FB20D260B900E437D8 /* ip_icmp.c */ = {isa = PBXFileReference; fileEncoding = 4; lastKnownFileType = sourcecode.c.c; path = ip_icmp.c; sourceTree = "<group>"; };
		E413D8FC20D260B900E437D8 /* bootp.h */ = {isa = PBXFileReference; fileEncoding = 4; lastKnownFileType = sourcecode.c.h; path = bootp.h; sourceTree = "<group>"; };
		E413D8FD20D260B900E437D8 /* tcpip.h */ = {isa = PBXFileReference; fileEncoding = 4; lastKnownFileType = sourcecode.c.h; path = tcpip.h; sourceTree = "<group>"; };
		E413D8FE20D260B900E437D8 /* VERSION */ = {isa = PBXFileReference; fileEncoding = 4; lastKnownFileType = text; path = VERSION; sourceTree = "<group>"; };
		E413D8FF20D260B900E437D8 /* ip_icmp.h */ = {isa = PBXFileReference; fileEncoding = 4; lastKnownFileType = sourcecode.c.h; path = ip_icmp.h; sourceTree = "<group>"; };
		E413D90020D260B900E437D8 /* slirp_config.h */ = {isa = PBXFileReference; fileEncoding = 4; lastKnownFileType = sourcecode.c.h; path = slirp_config.h; sourceTree = "<group>"; };
		E413D90120D260B900E437D8 /* tcp_input.c */ = {isa = PBXFileReference; fileEncoding = 4; lastKnownFileType = sourcecode.c.c; path = tcp_input.c; sourceTree = "<group>"; };
		E413D90220D260B900E437D8 /* misc.c */ = {isa = PBXFileReference; fileEncoding = 4; lastKnownFileType = sourcecode.c.c; path = misc.c; sourceTree = "<group>"; };
		E413D90320D260BA00E437D8 /* udp.h */ = {isa = PBXFileReference; fileEncoding = 4; lastKnownFileType = sourcecode.c.h; path = udp.h; sourceTree = "<group>"; };
		E413D90420D260BA00E437D8 /* main.h */ = {isa = PBXFileReference; fileEncoding = 4; lastKnownFileType = sourcecode.c.h; path = main.h; sourceTree = "<group>"; };
		E413D90520D260BA00E437D8 /* debug.c */ = {isa = PBXFileReference; fileEncoding = 4; lastKnownFileType = sourcecode.c.c; path = debug.c; sourceTree = "<group>"; };
		E413D90620D260BA00E437D8 /* tcp_subr.c */ = {isa = PBXFileReference; fileEncoding = 4; lastKnownFileType = sourcecode.c.c; path = tcp_subr.c; sourceTree = "<group>"; };
		E413D90720D260BA00E437D8 /* udp.c */ = {isa = PBXFileReference; fileEncoding = 4; lastKnownFileType = sourcecode.c.c; path = udp.c; sourceTree = "<group>"; };
		E413D90820D260BA00E437D8 /* mbuf.h */ = {isa = PBXFileReference; fileEncoding = 4; lastKnownFileType = sourcecode.c.h; path = mbuf.h; sourceTree = "<group>"; };
		E413D90920D260BA00E437D8 /* sbuf.c */ = {isa = PBXFileReference; fileEncoding = 4; lastKnownFileType = sourcecode.c.c; path = sbuf.c; sourceTree = "<group>"; };
		E413D90A20D260BA00E437D8 /* ctl.h */ = {isa = PBXFileReference; fileEncoding = 4; lastKnownFileType = sourcecode.c.h; path = ctl.h; sourceTree = "<group>"; };
		E413D90B20D260BA00E437D8 /* slirp.h */ = {isa = PBXFileReference; fileEncoding = 4; lastKnownFileType = sourcecode.c.h; path = slirp.h; sourceTree = "<group>"; };
		E413D90C20D260BA00E437D8 /* COPYRIGHT */ = {isa = PBXFileReference; fileEncoding = 4; lastKnownFileType = text; path = COPYRIGHT; sourceTree = "<group>"; };
		E413D90D20D260BA00E437D8 /* slirp.c */ = {isa = PBXFileReference; fileEncoding = 4; lastKnownFileType = sourcecode.c.c; path = slirp.c; sourceTree = "<group>"; };
		E413D90E20D260BA00E437D8 /* socket.h */ = {isa = PBXFileReference; fileEncoding = 4; lastKnownFileType = sourcecode.c.h; path = socket.h; sourceTree = "<group>"; };
		E413D90F20D260BA00E437D8 /* if.h */ = {isa = PBXFileReference; fileEncoding = 4; lastKnownFileType = sourcecode.c.h; path = if.h; sourceTree = "<group>"; };
		E413D91020D260BA00E437D8 /* misc.h */ = {isa = PBXFileReference; fileEncoding = 4; lastKnownFileType = sourcecode.c.h; path = misc.h; sourceTree = "<group>"; };
		E413D91120D260BA00E437D8 /* tcp_timer.c */ = {isa = PBXFileReference; fileEncoding = 4; lastKnownFileType = sourcecode.c.c; path = tcp_timer.c; sourceTree = "<group>"; };
		E413D91220D260BB00E437D8 /* sbuf.h */ = {isa = PBXFileReference; fileEncoding = 4; lastKnownFileType = sourcecode.c.h; path = sbuf.h; sourceTree = "<group>"; };
		E413D91320D260BB00E437D8 /* tcp.h */ = {isa = PBXFileReference; fileEncoding = 4; lastKnownFileType = sourcecode.c.h; path = tcp.h; sourceTree = "<group>"; };
		E413D91420D260BB00E437D8 /* ip.h */ = {isa = PBXFileReference; fileEncoding = 4; lastKnownFileType = sourcecode.c.h; path = ip.h; sourceTree = "<group>"; };
		E413D91520D260BB00E437D8 /* debug.h */ = {isa = PBXFileReference; fileEncoding = 4; lastKnownFileType = sourcecode.c.h; path = debug.h; sourceTree = "<group>"; };
		E413D91620D260BB00E437D8 /* tcp_timer.h */ = {isa = PBXFileReference; fileEncoding = 4; lastKnownFileType = sourcecode.c.h; path = tcp_timer.h; sourceTree = "<group>"; };
		E413D91720D260BB00E437D8 /* tcp_var.h */ = {isa = PBXFileReference; fileEncoding = 4; lastKnownFileType = sourcecode.c.h; path = tcp_var.h; sourceTree = "<group>"; };
		E413D91820D260BB00E437D8 /* socket.c */ = {isa = PBXFileReference; fileEncoding = 4; lastKnownFileType = sourcecode.c.c; path = socket.c; sourceTree = "<group>"; };
		E413D91920D260BB00E437D8 /* libslirp.h */ = {isa = PBXFileReference; fileEncoding = 4; lastKnownFileType = sourcecode.c.h; path = libslirp.h; sourceTree = "<group>"; };
		E413D91A20D260BC00E437D8 /* icmp_var.h */ = {isa = PBXFileReference; fileEncoding = 4; lastKnownFileType = sourcecode.c.h; path = icmp_var.h; sourceTree = "<group>"; };
		E413D91B20D260BC00E437D8 /* bootp.c */ = {isa = PBXFileReference; fileEncoding = 4; lastKnownFileType = sourcecode.c.c; path = bootp.c; sourceTree = "<group>"; };
		E413D91C20D260BC00E437D8 /* ip_input.c */ = {isa = PBXFileReference; fileEncoding = 4; lastKnownFileType = sourcecode.c.c; path = ip_input.c; sourceTree = "<group>"; };
		E413D91D20D260BC00E437D8 /* ip_output.c */ = {isa = PBXFileReference; fileEncoding = 4; lastKnownFileType = sourcecode.c.c; path = ip_output.c; sourceTree = "<group>"; };
		E413D91E20D260BC00E437D8 /* if.c */ = {isa = PBXFileReference; fileEncoding = 4; lastKnownFileType = sourcecode.c.c; path = if.c; sourceTree = "<group>"; };
		E413D91F20D260BC00E437D8 /* cksum.c */ = {isa = PBXFileReference; fileEncoding = 4; lastKnownFileType = sourcecode.c.c; path = cksum.c; sourceTree = "<group>"; };
		E413D92020D260BC00E437D8 /* tcp_output.c */ = {isa = PBXFileReference; fileEncoding = 4; lastKnownFileType = sourcecode.c.c; path = tcp_output.c; sourceTree = "<group>"; };
		E413D93520D260DA00E437D8 /* SDL2.framework */ = {isa = PBXFileReference; lastKnownFileType = wrapper.framework; name = SDL2.framework; path = /Library/Frameworks/SDL2.framework; sourceTree = "<group>"; };
		E413D93720D2613500E437D8 /* ether_unix.cpp */ = {isa = PBXFileReference; fileEncoding = 4; lastKnownFileType = sourcecode.cpp.cpp; path = ether_unix.cpp; sourceTree = "<group>"; };
		E413D93920D2614E00E437D8 /* extfs_macosx.cpp */ = {isa = PBXFileReference; fileEncoding = 4; lastKnownFileType = sourcecode.cpp.cpp; path = extfs_macosx.cpp; sourceTree = "<group>"; };
		E4150D1320D559800077C51A /* SDL2.framework */ = {isa = PBXFileReference; lastKnownFileType = wrapper.framework; name = SDL2.framework; path = /Library/Frameworks/SDL2.framework; sourceTree = "<group>"; };
		E416BEE92410AA9800751E6D /* Security.framework */ = {isa = PBXFileReference; lastKnownFileType = wrapper.framework; name = Security.framework; path = System/Library/Frameworks/Security.framework; sourceTree = SDKROOT; };
		E416BEEB2410AB0E00751E6D /* etherhelpertool.c */ = {isa = PBXFileReference; lastKnownFileType = sourcecode.c.c; path = etherhelpertool.c; sourceTree = "<group>"; };
		E416BEEC2410AE0000751E6D /* etherhelpertool */ = {isa = PBXFileReference; lastKnownFileType = text; path = etherhelpertool; sourceTree = BUILT_PRODUCTS_DIR; };
		E417913123D7D67C0009AD63 /* defs68k.c */ = {isa = PBXFileReference; lastKnownFileType = sourcecode.c.c; name = defs68k.c; path = gencpu_output/defs68k.c; sourceTree = BUILT_PRODUCTS_DIR; };
		E490334D20D3A5890012DD5F /* clip_macosx64.mm */ = {isa = PBXFileReference; fileEncoding = 4; lastKnownFileType = sourcecode.cpp.objcpp; path = clip_macosx64.mm; sourceTree = "<group>"; };
		E4D8245223543D9700849B78 /* fpu_ieee.cpp */ = {isa = PBXFileReference; fileEncoding = 4; lastKnownFileType = sourcecode.cpp.cpp; path = fpu_ieee.cpp; sourceTree = "<group>"; };
/* End PBXFileReference section */

/* Begin PBXFrameworksBuildPhase section */
		7539DFAF1F23B17E006B2DF2 /* Frameworks */ = {
			isa = PBXFrameworksBuildPhase;
			buildActionMask = 2147483647;
			files = (
				E413D93620D260DA00E437D8 /* SDL2.framework in Frameworks */,
				E416BEEA2410AA9800751E6D /* Security.framework in Frameworks */,
				756C1B391F25306A00620917 /* AppKit.framework in Frameworks */,
				752F26FB1F240E69001032B4 /* IOKit.framework in Frameworks */,
				752F26F91F240E51001032B4 /* Foundation.framework in Frameworks */,
			);
			runOnlyForDeploymentPostprocessing = 0;
		};
/* End PBXFrameworksBuildPhase section */

/* Begin PBXGroup section */
		4ECAC23C1F8A89ED0013B963 /* slirp */ = {
			isa = PBXGroup;
			children = (
				E413D91B20D260BC00E437D8 /* bootp.c */,
				E413D8FC20D260B900E437D8 /* bootp.h */,
				E413D91F20D260BC00E437D8 /* cksum.c */,
				E413D90C20D260BA00E437D8 /* COPYRIGHT */,
				E413D90A20D260BA00E437D8 /* ctl.h */,
				E413D90520D260BA00E437D8 /* debug.c */,
				E413D91520D260BB00E437D8 /* debug.h */,
				E413D91A20D260BC00E437D8 /* icmp_var.h */,
				E413D91E20D260BC00E437D8 /* if.c */,
				E413D90F20D260BA00E437D8 /* if.h */,
				E413D8FB20D260B900E437D8 /* ip_icmp.c */,
				E413D8FF20D260B900E437D8 /* ip_icmp.h */,
				E413D91C20D260BC00E437D8 /* ip_input.c */,
				E413D91D20D260BC00E437D8 /* ip_output.c */,
				E413D91420D260BB00E437D8 /* ip.h */,
				E413D91920D260BB00E437D8 /* libslirp.h */,
				E413D90420D260BA00E437D8 /* main.h */,
				E413D8F920D260B900E437D8 /* mbuf.c */,
				E413D90820D260BA00E437D8 /* mbuf.h */,
				E413D90220D260B900E437D8 /* misc.c */,
				E413D91020D260BA00E437D8 /* misc.h */,
				E413D90920D260BA00E437D8 /* sbuf.c */,
				E413D91220D260BB00E437D8 /* sbuf.h */,
				E413D90020D260B900E437D8 /* slirp_config.h */,
				E413D90D20D260BA00E437D8 /* slirp.c */,
				E413D90B20D260BA00E437D8 /* slirp.h */,
				E413D91820D260BB00E437D8 /* socket.c */,
				E413D90E20D260BA00E437D8 /* socket.h */,
				E413D90120D260B900E437D8 /* tcp_input.c */,
				E413D92020D260BC00E437D8 /* tcp_output.c */,
				E413D90620D260BA00E437D8 /* tcp_subr.c */,
				E413D91120D260BA00E437D8 /* tcp_timer.c */,
				E413D91620D260BB00E437D8 /* tcp_timer.h */,
				E413D91720D260BB00E437D8 /* tcp_var.h */,
				E413D91320D260BB00E437D8 /* tcp.h */,
				E413D8FD20D260B900E437D8 /* tcpip.h */,
				E413D8F820D260B900E437D8 /* tftp.c */,
				E413D8FA20D260B900E437D8 /* tftp.h */,
				E413D90720D260BA00E437D8 /* udp.c */,
				E413D90320D260BA00E437D8 /* udp.h */,
				E413D8FE20D260B900E437D8 /* VERSION */,
			);
			name = slirp;
			path = ../slirp;
			sourceTree = "<group>";
		};
		752F26F71F240E51001032B4 /* Frameworks */ = {
			isa = PBXGroup;
			children = (
				E416BEE92410AA9800751E6D /* Security.framework */,
				E413D93520D260DA00E437D8 /* SDL2.framework */,
				756C1B381F25306A00620917 /* AppKit.framework */,
				752F26FA1F240E69001032B4 /* IOKit.framework */,
				752F26F81F240E51001032B4 /* Foundation.framework */,
			);
			name = Frameworks;
			sourceTree = "<group>";
		};
		753252FF1F535E5D0024025B /* generated src */ = {
			isa = PBXGroup;
			children = (
				E416BEEC2410AE0000751E6D /* etherhelpertool */,
				7532532B1F53675E0024025B /* gencpu output */,
			);
			name = "generated src";
			sourceTree = "<group>";
		};
		7532532B1F53675E0024025B /* gencpu output */ = {
			isa = PBXGroup;
			children = (
				7532532C1F5368370024025B /* cpuemu_nf.cpp */,
				7532532D1F5368370024025B /* cpuemu.cpp */,
				7532532E1F5368370024025B /* cpustbl_nf.cpp */,
				7532532F1F5368370024025B /* cpustbl.cpp */,
				753253301F5368370024025B /* cputbl.h */,
				E417913123D7D67C0009AD63 /* defs68k.c */,
			);
			name = "gencpu output";
			sourceTree = "<group>";
		};
		7539DFA91F23B17E006B2DF2 = {
			isa = PBXGroup;
			children = (
				E4150D1320D559800077C51A /* SDL2.framework */,
				7539E1E41F23B25E006B2DF2 /* src */,
				753252FF1F535E5D0024025B /* generated src */,
				7539DFB31F23B17E006B2DF2 /* Products */,
				752F26F71F240E51001032B4 /* Frameworks */,
			);
			sourceTree = "<group>";
		};
		7539DFB31F23B17E006B2DF2 /* Products */ = {
			isa = PBXGroup;
			children = (
				7539DFB21F23B17E006B2DF2 /* BasiliskII.app */,
			);
			name = Products;
			path = ../../../../../../../../Documents/Code/macemu/BasiliskII/src/MacOSX;
			sourceTree = BUILT_PRODUCTS_DIR;
		};
		7539DFCC1F23B25A006B2DF2 /* CrossPlatform */ = {
			isa = PBXGroup;
			children = (
				7539DFCD1F23B25A006B2DF2 /* sigsegv.cpp */,
				7539DFCE1F23B25A006B2DF2 /* sigsegv.h */,
				7539DFCF1F23B25A006B2DF2 /* video_blit.cpp */,
				7539DFD01F23B25A006B2DF2 /* video_blit.h */,
				7539DFD11F23B25A006B2DF2 /* video_vosf.h */,
				7539DFD21F23B25A006B2DF2 /* vm_alloc.cpp */,
				7539DFD31F23B25A006B2DF2 /* vm_alloc.h */,
			);
			name = CrossPlatform;
			path = ../CrossPlatform;
			sourceTree = "<group>";
		};
		7539DFD81F23B25A006B2DF2 /* include */ = {
			isa = PBXGroup;
			children = (
				7539DFD91F23B25A006B2DF2 /* adb.h */,
				7539DFDA1F23B25A006B2DF2 /* audio.h */,
				7539DFDB1F23B25A006B2DF2 /* audio_defs.h */,
				7539DFDC1F23B25A006B2DF2 /* cdrom.h */,
				7539DFDD1F23B25A006B2DF2 /* clip.h */,
				7539DFDE1F23B25A006B2DF2 /* debug.h */,
				7539DFDF1F23B25A006B2DF2 /* disk.h */,
				7539DFE01F23B25A006B2DF2 /* emul_op.h */,
				7539DFE11F23B25A006B2DF2 /* ether.h */,
				7539DFE21F23B25A006B2DF2 /* ether_defs.h */,
				7539DFE31F23B25A006B2DF2 /* extfs.h */,
				7539DFE41F23B25A006B2DF2 /* extfs_defs.h */,
				7539DFE51F23B25A006B2DF2 /* macos_util.h */,
				7539DFE61F23B25A006B2DF2 /* main.h */,
				7539DFE71F23B25A006B2DF2 /* pict.h */,
				7539DFE81F23B25A006B2DF2 /* prefs.h */,
				7539DFE91F23B25A006B2DF2 /* prefs_editor.h */,
				7539DFEA1F23B25A006B2DF2 /* rom_patches.h */,
				7539DFEB1F23B25A006B2DF2 /* rsrc_patches.h */,
				7539DFEC1F23B25A006B2DF2 /* scsi.h */,
				7539DFED1F23B25A006B2DF2 /* serial.h */,
				7539DFEE1F23B25A006B2DF2 /* serial_defs.h */,
				7539DFEF1F23B25A006B2DF2 /* slot_rom.h */,
				7539DFF01F23B25A006B2DF2 /* sony.h */,
				7539DFF11F23B25A006B2DF2 /* sys.h */,
				7539DFF21F23B25A006B2DF2 /* timer.h */,
				7539DFF31F23B25A006B2DF2 /* user_strings.h */,
				7539DFF41F23B25A006B2DF2 /* version.h */,
				7539DFF51F23B25A006B2DF2 /* video.h */,
				7539DFF61F23B25A006B2DF2 /* video_defs.h */,
				7539DFF71F23B25A006B2DF2 /* xpram.h */,
			);
			name = include;
			path = ../include;
			sourceTree = "<group>";
		};
		7539DFF91F23B25A006B2DF2 /* MacOSX */ = {
			isa = PBXGroup;
			children = (
				E416BEEB2410AB0E00751E6D /* etherhelpertool.c */,
				7539E2AA1F23CDB7006B2DF2 /* Info.plist */,
				7539E27E1F23BEB4006B2DF2 /* config.h */,
				7539DFFA1F23B25A006B2DF2 /* Assets.xcassets */,
				7539DFFB1F23B25A006B2DF2 /* audio_defs_macosx.h */,
				7539E0021F23B25A006B2DF2 /* BasiliskII.icns */,
				E490334D20D3A5890012DD5F /* clip_macosx64.mm */,
				7539E00A1F23B25A006B2DF2 /* Credits.html */,
				E413D93920D2614E00E437D8 /* extfs_macosx.cpp */,
				7539E00F1F23B25A006B2DF2 /* InfoPlist.strings */,
				7539E0141F23B25A006B2DF2 /* HowTo.html */,
				7539E29C1F23C83F006B2DF2 /* sys_darwin.cpp */,
				7539E02B1F23B25A006B2DF2 /* ToDo.html */,
				756C1B321F252FC100620917 /* utils_macosx.h */,
				756C1B331F252FC100620917 /* utils_macosx.mm */,
				7539E02E1F23B25A006B2DF2 /* Versions.html */,
			);
			name = MacOSX;
			sourceTree = "<group>";
		};
		7539E0711F23B25A006B2DF2 /* SDL */ = {
			isa = PBXGroup;
			children = (
				7539E0721F23B25A006B2DF2 /* audio_sdl.cpp */,
				7539E0731F23B25A006B2DF2 /* keycodes */,
				752F27001F242BAF001032B4 /* prefs_sdl.cpp */,
				E40CEEC420D7910D00BCB88D /* SDLMain.h */,
				E40CEEC520D7910E00BCB88D /* SDLMain.m */,
				75CBCF761F5DB65E00830063 /* video_sdl.cpp */,
				75CBCF741F5DB3AD00830063 /* video_sdl2.cpp */,
				752F27021F242F51001032B4 /* xpram_sdl.cpp */,
			);
			name = SDL;
			path = ../SDL;
			sourceTree = "<group>";
		};
		7539E0A51F23B25A006B2DF2 /* uae_cpu */ = {
			isa = PBXGroup;
			children = (
				7539E0A61F23B25A006B2DF2 /* basilisk_glue.cpp */,
				753252E51F5359040024025B /* build68k.c */,
				7539E0A81F23B25A006B2DF2 /* compiler */,
				7539E0B11F23B25A006B2DF2 /* cpu_emulation.h */,
				7539E0B31F23B25A006B2DF2 /* fpu */,
				753253011F535F210024025B /* gencpu.c */,
				7539E0C81F23B25A006B2DF2 /* m68k.h */,
				7539E0C91F23B25A006B2DF2 /* memory.cpp */,
				7539E0CA1F23B25A006B2DF2 /* memory.h */,
				7539E2961F23C5FD006B2DF2 /* newcpu.cpp */,
				7539E0CC1F23B25A006B2DF2 /* newcpu.h */,
				7539E0CD1F23B25A006B2DF2 /* noflags.h */,
				7539E0CE1F23B25A006B2DF2 /* readcpu.cpp */,
				7539E0CF1F23B25A006B2DF2 /* readcpu.h */,
				7539E0D01F23B25A006B2DF2 /* spcflags.h */,
				7539E0D11F23B25A006B2DF2 /* table68k */,
			);
			name = uae_cpu;
			path = ../uae_cpu;
			sourceTree = "<group>";
		};
		7539E0A81F23B25A006B2DF2 /* compiler */ = {
			isa = PBXGroup;
			children = (
				7539E0AB1F23B25A006B2DF2 /* compemu.h */,
				7539E0AE1F23B25A006B2DF2 /* flags_x86.h */,
			);
			path = compiler;
			sourceTree = "<group>";
		};
		7539E0B31F23B25A006B2DF2 /* fpu */ = {
			isa = PBXGroup;
			children = (
				E4D8245223543D9700849B78 /* fpu_ieee.cpp */,
				7539E0B41F23B25A006B2DF2 /* core.h */,
				7539E0B51F23B25A006B2DF2 /* exceptions.cpp */,
				7539E0B61F23B25A006B2DF2 /* exceptions.h */,
				7539E0B71F23B25A006B2DF2 /* flags.cpp */,
				7539E0B81F23B25A006B2DF2 /* flags.h */,
				7539E0B91F23B25A006B2DF2 /* fpu.h */,
				7539E0BB1F23B25A006B2DF2 /* fpu_ieee.h */,
				7539E0BD1F23B25A006B2DF2 /* fpu_uae.h */,
				7539E0BF1F23B25A006B2DF2 /* fpu_x86.h */,
				7539E0C01F23B25A006B2DF2 /* fpu_x86_asm.h */,
				7539E0C11F23B25A006B2DF2 /* impl.h */,
				7539E0C21F23B25A006B2DF2 /* mathlib.cpp */,
				7539E0C31F23B25A006B2DF2 /* mathlib.h */,
				7539E0C41F23B25A006B2DF2 /* rounding.cpp */,
				7539E0C51F23B25A006B2DF2 /* rounding.h */,
				7539E0C61F23B25A006B2DF2 /* types.h */,
			);
			path = fpu;
			sourceTree = "<group>";
		};
		7539E1E41F23B25E006B2DF2 /* src */ = {
			isa = PBXGroup;
			children = (
				7539DFC91F23B25A006B2DF2 /* adb.cpp */,
				7539DFCA1F23B25A006B2DF2 /* audio.cpp */,
				7539DFCB1F23B25A006B2DF2 /* cdrom.cpp */,
				7539DFCC1F23B25A006B2DF2 /* CrossPlatform */,
				7539DFD41F23B25A006B2DF2 /* disk.cpp */,
				7539E2811F23C52C006B2DF2 /* dummy */,
				7539DFD51F23B25A006B2DF2 /* emul_op.cpp */,
				7539DFD61F23B25A006B2DF2 /* ether.cpp */,
				7539DFD71F23B25A006B2DF2 /* extfs.cpp */,
				7539DFD81F23B25A006B2DF2 /* include */,
				7539DFF81F23B25A006B2DF2 /* macos_util.cpp */,
				7539DFF91F23B25A006B2DF2 /* MacOSX */,
				7539E0651F23B25A006B2DF2 /* main.cpp */,
				7539E0681F23B25A006B2DF2 /* pict.c */,
				7539E06C1F23B25A006B2DF2 /* prefs_items.cpp */,
				7539E06D1F23B25A006B2DF2 /* prefs.cpp */,
				7539E06E1F23B25A006B2DF2 /* rom_patches.cpp */,
				7539E06F1F23B25A006B2DF2 /* rsrc_patches.cpp */,
				7539E0701F23B25A006B2DF2 /* scsi.cpp */,
				7539E0711F23B25A006B2DF2 /* SDL */,
				7539E0771F23B25A006B2DF2 /* serial.cpp */,
				4ECAC23C1F8A89ED0013B963 /* slirp */,
				7539E0A21F23B25A006B2DF2 /* slot_rom.cpp */,
				7539E0A31F23B25A006B2DF2 /* sony.cpp */,
				7539E0A41F23B25A006B2DF2 /* timer.cpp */,
				7539E0A51F23B25A006B2DF2 /* uae_cpu */,
				7539E1E91F23B329006B2DF2 /* Unix */,
				7539E1221F23B25A006B2DF2 /* user_strings.cpp */,
				7539E1231F23B25A006B2DF2 /* video.cpp */,
				7539E1241F23B25A006B2DF2 /* xpram.cpp */,
			);
			name = src;
			sourceTree = "<group>";
		};
		7539E1E91F23B329006B2DF2 /* Unix */ = {
			isa = PBXGroup;
			children = (
				7539E1F01F23B329006B2DF2 /* bincue_unix.cpp */,
				7539E1F11F23B329006B2DF2 /* bincue_unix.h */,
				7539E1F71F23B329006B2DF2 /* Darwin */,
				7539E1FD1F23B32A006B2DF2 /* disk_sparsebundle.cpp */,
				7539E1FE1F23B32A006B2DF2 /* disk_unix.h */,
				E413D93720D2613500E437D8 /* ether_unix.cpp */,
				7539E2011F23B32A006B2DF2 /* fbdevices */,
				7539E2051F23B32A006B2DF2 /* install-sh */,
				7539E20A1F23B32A006B2DF2 /* keycodes */,
				7539E20B1F23B32A006B2DF2 /* ldscripts */,
				7539E2171F23B32A006B2DF2 /* m4 */,
				7539E27F1F23C4CA006B2DF2 /* main_unix.cpp */,
				7539E21E1F23B32A006B2DF2 /* Makefile.in */,
				7539E21F1F23B32A006B2DF2 /* mkinstalldirs */,
				7539E2231F23B32A006B2DF2 /* rpc.h */,
				7539E2241F23B32A006B2DF2 /* rpc_unix.cpp */,
				7539E2251F23B32A006B2DF2 /* semaphore.h */,
				7539E22A1F23B32A006B2DF2 /* sshpty.c */,
				7539E22B1F23B32A006B2DF2 /* sshpty.h */,
				7539E22C1F23B32A006B2DF2 /* strlcpy.c */,
				7539E22D1F23B32A006B2DF2 /* strlcpy.h */,
				7539E22E1F23B32A006B2DF2 /* sys_unix.cpp */,
				7539E22F1F23B32A006B2DF2 /* sysdeps.h */,
				7539E2301F23B32A006B2DF2 /* timer_unix.cpp */,
				7539E2311F23B32A006B2DF2 /* tinyxml2.cpp */,
				7539E2321F23B32A006B2DF2 /* tinyxml2.h */,
				7539E2331F23B32A006B2DF2 /* tunconfig */,
				757A2BEF1F5AF9D6003EDB01 /* user_strings_unix.cpp */,
				7539E2351F23B32A006B2DF2 /* user_strings_unix.h */,
			);
			name = Unix;
			path = ../Unix;
			sourceTree = "<group>";
		};
		7539E1F71F23B329006B2DF2 /* Darwin */ = {
			isa = PBXGroup;
			children = (
				7539E1F81F23B329006B2DF2 /* gtk-osx.patch */,
				7539E1FA1F23B32A006B2DF2 /* mkstandalone */,
				7539E1FC1F23B32A006B2DF2 /* testlmem.sh */,
			);
			path = Darwin;
			sourceTree = "<group>";
		};
		7539E20B1F23B32A006B2DF2 /* ldscripts */ = {
			isa = PBXGroup;
			children = (
				7539E20C1F23B32A006B2DF2 /* freebsd-i386.ld */,
				7539E20D1F23B32A006B2DF2 /* linux-i386.ld */,
				7539E20E1F23B32A006B2DF2 /* linux-ppc.ld */,
				7539E20F1F23B32A006B2DF2 /* linux-x86_64.ld */,
			);
			path = ldscripts;
			sourceTree = "<group>";
		};
		7539E2171F23B32A006B2DF2 /* m4 */ = {
			isa = PBXGroup;
			children = (
				7539E2181F23B32A006B2DF2 /* egrep.m4 */,
				7539E2191F23B32A006B2DF2 /* esd.m4 */,
				7539E21A1F23B32A006B2DF2 /* gettext.m4 */,
				7539E21B1F23B32A006B2DF2 /* gtk-2.0.m4 */,
				7539E21C1F23B32A006B2DF2 /* gtk.m4 */,
			);
			path = m4;
			sourceTree = "<group>";
		};
		7539E2811F23C52C006B2DF2 /* dummy */ = {
			isa = PBXGroup;
			children = (
				7539E2861F23C56F006B2DF2 /* ether_dummy.cpp */,
				7539E2881F23C56F006B2DF2 /* prefs_editor_dummy.cpp */,
				7539E2891F23C56F006B2DF2 /* scsi_dummy.cpp */,
				7539E28A1F23C56F006B2DF2 /* serial_dummy.cpp */,
			);
			name = dummy;
			path = ../dummy;
			sourceTree = "<group>";
		};
/* End PBXGroup section */

/* Begin PBXNativeTarget section */
		7539DFB11F23B17E006B2DF2 /* BasiliskII */ = {
			isa = PBXNativeTarget;
			buildConfigurationList = 7539DFC61F23B17E006B2DF2 /* Build configuration list for PBXNativeTarget "BasiliskII" */;
			buildPhases = (
				752F27181F251CB1001032B4 /* Run Script */,
				7539DFAE1F23B17E006B2DF2 /* Sources */,
				7539DFAF1F23B17E006B2DF2 /* Frameworks */,
				7539DFB01F23B17E006B2DF2 /* Resources */,
				752F26F31F240140001032B4 /* Embed Frameworks */,
			);
			buildRules = (
			);
			dependencies = (
			);
			name = BasiliskII;
			productName = BasiliskII;
			productReference = 7539DFB21F23B17E006B2DF2 /* BasiliskII.app */;
			productType = "com.apple.product-type.application";
		};
/* End PBXNativeTarget section */

/* Begin PBXProject section */
		7539DFAA1F23B17E006B2DF2 /* Project object */ = {
			isa = PBXProject;
			attributes = {
				LastUpgradeCheck = 0830;
				TargetAttributes = {
					7539DFB11F23B17E006B2DF2 = {
						CreatedOnToolsVersion = 8.3.3;
						ProvisioningStyle = Automatic;
					};
				};
			};
			buildConfigurationList = 7539DFAD1F23B17E006B2DF2 /* Build configuration list for PBXProject "BasiliskII" */;
			compatibilityVersion = "Xcode 3.2";
			hasScannedForEncodings = 0;
			knownRegions = (
				en,
				Base,
				English,
			);
			mainGroup = 7539DFA91F23B17E006B2DF2;
			productRefGroup = 7539DFB31F23B17E006B2DF2 /* Products */;
			projectDirPath = "";
			projectRoot = "";
			targets = (
				7539DFB11F23B17E006B2DF2 /* BasiliskII */,
			);
		};
/* End PBXProject section */

/* Begin PBXResourcesBuildPhase section */
		7539DFB01F23B17E006B2DF2 /* Resources */ = {
			isa = PBXResourcesBuildPhase;
			buildActionMask = 2147483647;
			files = (
				7539E1341F23B25A006B2DF2 /* BasiliskII.icns in Resources */,
				E4555EED2354434B00139FCE /* Credits.html in Resources */,
				E416BEED2410AE0900751E6D /* etherhelpertool in Resources */,
			);
			runOnlyForDeploymentPostprocessing = 0;
		};
/* End PBXResourcesBuildPhase section */

/* Begin PBXShellScriptBuildPhase section */
		752F27181F251CB1001032B4 /* Run Script */ = {
			isa = PBXShellScriptBuildPhase;
			buildActionMask = 2147483647;
			files = (
			);
			inputPaths = (
			);
			name = "Run Script";
			outputPaths = (
				$BUILT_PRODUCTS_DIR/gencpu_output/cpuemu.cpp,
				$BUILT_PRODUCTS_DIR/gencpu_output/cpuemu_nf.cpp,
				$BUILT_PRODUCTS_DIR/gencpu_output/cpustbl.cpp,
				$BUILT_PRODUCTS_DIR/gencpu_output/cpustbl_nf.cpp,
				$BUILT_PRODUCTS_DIR/gencpu_output/defs68k.c,
			);
			runOnlyForDeploymentPostprocessing = 0;
			shellPath = /bin/sh;
			shellScript = "make -f Makefile.gencpu\ncc etherhelpertool.c -framework Security -o $BUILT_PRODUCTS_DIR/etherhelpertool\n";
		};
/* End PBXShellScriptBuildPhase section */

/* Begin PBXSourcesBuildPhase section */
		7539DFAE1F23B17E006B2DF2 /* Sources */ = {
			isa = PBXSourcesBuildPhase;
			buildActionMask = 2147483647;
			files = (
				E4EE777523D7D71400BAE63A /* defs68k.c in Sources */,
				7539E19E1F23B25A006B2DF2 /* rounding.cpp in Sources */,
				7539E29D1F23C83F006B2DF2 /* sys_darwin.cpp in Sources */,
				7539E1291F23B25A006B2DF2 /* video_blit.cpp in Sources */,
				E413D93320D260BC00E437D8 /* cksum.c in Sources */,
				E413D92920D260BC00E437D8 /* udp.c in Sources */,
				E4D8245323543D9800849B78 /* fpu_ieee.cpp in Sources */,
				7539E1A01F23B25A006B2DF2 /* memory.cpp in Sources */,
				E40CEEC620D7910E00BCB88D /* SDLMain.m in Sources */,
				753253351F53688D0024025B /* readcpu.cpp in Sources */,
				7539E1741F23B25A006B2DF2 /* audio_sdl.cpp in Sources */,
				E413D93120D260BC00E437D8 /* ip_output.c in Sources */,
				7539E1E21F23B25A006B2DF2 /* video.cpp in Sources */,
				7539E18F1F23B25A006B2DF2 /* timer.cpp in Sources */,
				7539E1711F23B25A006B2DF2 /* rom_patches.cpp in Sources */,
				7539E1281F23B25A006B2DF2 /* sigsegv.cpp in Sources */,
				753253341F5368370024025B /* cpustbl.cpp in Sources */,
				756C1B341F252FC100620917 /* utils_macosx.mm in Sources */,
				E413D92620D260BC00E437D8 /* misc.c in Sources */,
				753253321F5368370024025B /* cpuemu.cpp in Sources */,
				7539E2701F23B32A006B2DF2 /* tinyxml2.cpp in Sources */,
				7539E1721F23B25A006B2DF2 /* rsrc_patches.cpp in Sources */,
				7539E2931F23C56F006B2DF2 /* serial_dummy.cpp in Sources */,
				7539E1981F23B25A006B2DF2 /* exceptions.cpp in Sources */,
				75CBCF771F5DB65E00830063 /* video_sdl.cpp in Sources */,
				7539E1901F23B25A006B2DF2 /* basilisk_glue.cpp in Sources */,
				7539E2801F23C4CA006B2DF2 /* main_unix.cpp in Sources */,
				7539E1E11F23B25A006B2DF2 /* user_strings.cpp in Sources */,
				75CBCF751F5DB3AD00830063 /* video_sdl2.cpp in Sources */,
				752F27011F242BAF001032B4 /* prefs_sdl.cpp in Sources */,
				7539E2971F23C5FD006B2DF2 /* newcpu.cpp in Sources */,
				7539E12A1F23B25A006B2DF2 /* vm_alloc.cpp in Sources */,
				E413D93220D260BC00E437D8 /* if.c in Sources */,
				753253331F5368370024025B /* cpustbl_nf.cpp in Sources */,
				7539E16C1F23B25A006B2DF2 /* main.cpp in Sources */,
				7539E26D1F23B32A006B2DF2 /* strlcpy.c in Sources */,
				E413D93420D260BC00E437D8 /* tcp_output.c in Sources */,
				7539E26E1F23B32A006B2DF2 /* sys_unix.cpp in Sources */,
				7539E1271F23B25A006B2DF2 /* cdrom.cpp in Sources */,
				E413D92A20D260BC00E437D8 /* sbuf.c in Sources */,
				753253311F5368370024025B /* cpuemu_nf.cpp in Sources */,
				7539E1261F23B25A006B2DF2 /* audio.cpp in Sources */,
				E413D93820D2613500E437D8 /* ether_unix.cpp in Sources */,
				7539E1701F23B25A006B2DF2 /* prefs.cpp in Sources */,
				E413D92E20D260BC00E437D8 /* socket.c in Sources */,
				7539E12D1F23B25A006B2DF2 /* ether.cpp in Sources */,
				7539E26C1F23B32A006B2DF2 /* sshpty.c in Sources */,
				7539E1781F23B25A006B2DF2 /* serial.cpp in Sources */,
				757A2BF01F5AF9D6003EDB01 /* user_strings_unix.cpp in Sources */,
				E413D92D20D260BC00E437D8 /* tcp_timer.c in Sources */,
				E413D92820D260BC00E437D8 /* tcp_subr.c in Sources */,
				7539E1991F23B25A006B2DF2 /* flags.cpp in Sources */,
				7539E2921F23C56F006B2DF2 /* scsi_dummy.cpp in Sources */,
				E413D93A20D2614E00E437D8 /* extfs_macosx.cpp in Sources */,
				7539E16F1F23B25A006B2DF2 /* prefs_items.cpp in Sources */,
				7539E18E1F23B25A006B2DF2 /* sony.cpp in Sources */,
				7539E26F1F23B32A006B2DF2 /* timer_unix.cpp in Sources */,
				7539E12E1F23B25A006B2DF2 /* extfs.cpp in Sources */,
				7539E23F1F23B32A006B2DF2 /* bincue_unix.cpp in Sources */,
				7539E12C1F23B25A006B2DF2 /* emul_op.cpp in Sources */,
				E413D92720D260BC00E437D8 /* debug.c in Sources */,
				E413D92220D260BC00E437D8 /* mbuf.c in Sources */,
				7539E19D1F23B25A006B2DF2 /* mathlib.cpp in Sources */,
				E413D93020D260BC00E437D8 /* ip_input.c in Sources */,
				752F27031F242F51001032B4 /* xpram_sdl.cpp in Sources */,
				7539E16D1F23B25A006B2DF2 /* pict.c in Sources */,
				7539E1251F23B25A006B2DF2 /* adb.cpp in Sources */,
				E413D92C20D260BC00E437D8 /* slirp.c in Sources */,
				7539E12F1F23B25A006B2DF2 /* macos_util.cpp in Sources */,
				E490334E20D3A5890012DD5F /* clip_macosx64.mm in Sources */,
				7539E24A1F23B32A006B2DF2 /* disk_sparsebundle.cpp in Sources */,
				7539E18D1F23B25A006B2DF2 /* slot_rom.cpp in Sources */,
				E413D92520D260BC00E437D8 /* tcp_input.c in Sources */,
				E413D92120D260BC00E437D8 /* tftp.c in Sources */,
				7539E1731F23B25A006B2DF2 /* scsi.cpp in Sources */,
				7539E12B1F23B25A006B2DF2 /* disk.cpp in Sources */,
				E413D92320D260BC00E437D8 /* ip_icmp.c in Sources */,
				7539E1E31F23B25A006B2DF2 /* xpram.cpp in Sources */,
				7539E2681F23B32A006B2DF2 /* rpc_unix.cpp in Sources */,
				E413D92F20D260BC00E437D8 /* bootp.c in Sources */,
				7539E2911F23C56F006B2DF2 /* prefs_editor_dummy.cpp in Sources */,
			);
			runOnlyForDeploymentPostprocessing = 0;
		};
/* End PBXSourcesBuildPhase section */

/* Begin PBXVariantGroup section */
		7539E00F1F23B25A006B2DF2 /* InfoPlist.strings */ = {
			isa = PBXVariantGroup;
			children = (
				7539E0101F23B25A006B2DF2 /* English */,
			);
			name = InfoPlist.strings;
			sourceTree = "<group>";
		};
/* End PBXVariantGroup section */

/* Begin XCBuildConfiguration section */
		7539DFC41F23B17E006B2DF2 /* Debug */ = {
			isa = XCBuildConfiguration;
			buildSettings = {
				ALWAYS_SEARCH_USER_PATHS = NO;
				ARCHS = "$(ARCHS_STANDARD_64_BIT)";
				CLANG_ANALYZER_NONNULL = YES;
				CLANG_ANALYZER_NUMBER_OBJECT_CONVERSION = YES_AGGRESSIVE;
				CLANG_CXX_LANGUAGE_STANDARD = "gnu++0x";
				CLANG_CXX_LIBRARY = "libc++";
				CLANG_ENABLE_MODULES = YES;
				CLANG_ENABLE_OBJC_ARC = NO;
				CLANG_WARN_BOOL_CONVERSION = YES;
				CLANG_WARN_CONSTANT_CONVERSION = YES;
				CLANG_WARN_DIRECT_OBJC_ISA_USAGE = YES_ERROR;
				CLANG_WARN_DOCUMENTATION_COMMENTS = YES;
				CLANG_WARN_EMPTY_BODY = YES;
				CLANG_WARN_ENUM_CONVERSION = YES;
				CLANG_WARN_INFINITE_RECURSION = YES;
				CLANG_WARN_INT_CONVERSION = YES;
				CLANG_WARN_OBJC_ROOT_CLASS = YES_ERROR;
				CLANG_WARN_SUSPICIOUS_MOVE = YES;
				CLANG_WARN_UNREACHABLE_CODE = YES;
				CLANG_WARN__DUPLICATE_METHOD_MATCH = YES;
				CODE_SIGN_IDENTITY = "-";
				COPY_PHASE_STRIP = NO;
				DEBUG_INFORMATION_FORMAT = dwarf;
				ENABLE_STRICT_OBJC_MSGSEND = YES;
				ENABLE_TESTABILITY = YES;
				GCC_C_LANGUAGE_STANDARD = gnu99;
				GCC_DYNAMIC_NO_PIC = NO;
				GCC_NO_COMMON_BLOCKS = YES;
				GCC_OPTIMIZATION_LEVEL = 0;
				GCC_PREPROCESSOR_DEFINITIONS = (
					"$(inherited)",
					HAVE_CONFIG_H,
					"USE_XCODE=1",
					"DEBUG=1",
				);
				GCC_WARN_64_TO_32_BIT_CONVERSION = YES;
				GCC_WARN_ABOUT_RETURN_TYPE = YES_ERROR;
				GCC_WARN_UNDECLARED_SELECTOR = YES;
				GCC_WARN_UNINITIALIZED_AUTOS = YES_AGGRESSIVE;
				GCC_WARN_UNUSED_FUNCTION = YES;
				GCC_WARN_UNUSED_VARIABLE = YES;
				HEADER_SEARCH_PATHS = (
					"$(BUILT_PRODUCTS_DIR)/SDL2.framework/Headers",
					../MacOSX,
					../include,
					../uae_cpu,
					../UNIX,
				);
				MACOSX_DEPLOYMENT_TARGET = 10.7;
				MTL_ENABLE_DEBUG_INFO = YES;
				ONLY_ACTIVE_ARCH = YES;
				SDKROOT = macosx;
			};
			name = Debug;
		};
		7539DFC51F23B17E006B2DF2 /* Release */ = {
			isa = XCBuildConfiguration;
			buildSettings = {
				ALWAYS_SEARCH_USER_PATHS = NO;
				ARCHS = "$(ARCHS_STANDARD_64_BIT)";
				CLANG_ANALYZER_NONNULL = YES;
				CLANG_ANALYZER_NUMBER_OBJECT_CONVERSION = YES_AGGRESSIVE;
				CLANG_CXX_LANGUAGE_STANDARD = "gnu++0x";
				CLANG_CXX_LIBRARY = "libc++";
				CLANG_ENABLE_MODULES = YES;
				CLANG_ENABLE_OBJC_ARC = NO;
				CLANG_WARN_BOOL_CONVERSION = YES;
				CLANG_WARN_CONSTANT_CONVERSION = YES;
				CLANG_WARN_DIRECT_OBJC_ISA_USAGE = YES_ERROR;
				CLANG_WARN_DOCUMENTATION_COMMENTS = YES;
				CLANG_WARN_EMPTY_BODY = YES;
				CLANG_WARN_ENUM_CONVERSION = YES;
				CLANG_WARN_INFINITE_RECURSION = YES;
				CLANG_WARN_INT_CONVERSION = YES;
				CLANG_WARN_OBJC_ROOT_CLASS = YES_ERROR;
				CLANG_WARN_SUSPICIOUS_MOVE = YES;
				CLANG_WARN_UNREACHABLE_CODE = YES;
				CLANG_WARN__DUPLICATE_METHOD_MATCH = YES;
				CODE_SIGN_IDENTITY = "-";
				COPY_PHASE_STRIP = NO;
				DEBUG_INFORMATION_FORMAT = "dwarf-with-dsym";
				ENABLE_NS_ASSERTIONS = NO;
				ENABLE_STRICT_OBJC_MSGSEND = YES;
				GCC_C_LANGUAGE_STANDARD = gnu99;
				GCC_NO_COMMON_BLOCKS = YES;
				GCC_PREPROCESSOR_DEFINITIONS = (
					"$(inherited)",
					HAVE_CONFIG_H,
					"USE_XCODE=1",
				);
				GCC_WARN_64_TO_32_BIT_CONVERSION = YES;
				GCC_WARN_ABOUT_RETURN_TYPE = YES_ERROR;
				GCC_WARN_UNDECLARED_SELECTOR = YES;
				GCC_WARN_UNINITIALIZED_AUTOS = YES_AGGRESSIVE;
				GCC_WARN_UNUSED_FUNCTION = YES;
				GCC_WARN_UNUSED_VARIABLE = YES;
				HEADER_SEARCH_PATHS = (
					"$(BUILT_PRODUCTS_DIR)/SDL2.framework/Headers",
					../MacOSX,
					../include,
					../uae_cpu,
					../UNIX,
				);
				MACOSX_DEPLOYMENT_TARGET = 10.7;
				MTL_ENABLE_DEBUG_INFO = NO;
				SDKROOT = macosx;
			};
			name = Release;
		};
		7539DFC71F23B17E006B2DF2 /* Debug */ = {
			isa = XCBuildConfiguration;
			buildSettings = {
				ARCHS = "$(ARCHS_STANDARD_64_BIT)";
				ASSETCATALOG_COMPILER_APPICON_NAME = AppIcon;
				CLANG_CXX_LANGUAGE_STANDARD = "compiler-default";
				CLANG_CXX_LIBRARY = "libc++";
				CLANG_ENABLE_MODULES = NO;
				CLANG_WARN_DIRECT_OBJC_ISA_USAGE = YES;
				CLANG_WARN_OBJC_ROOT_CLASS = YES;
				CLANG_WARN_SUSPICIOUS_MOVE = NO;
				CLANG_WARN__DUPLICATE_METHOD_MATCH = NO;
				COMBINE_HIDPI_IMAGES = NO;
				ENABLE_NS_ASSERTIONS = YES;
				ENABLE_TESTABILITY = NO;
				FRAMEWORK_SEARCH_PATHS = (
					"$(inherited)",
					"$(LOCAL_LIBRARY_DIR)/Frameworks",
				);
				GCC_CW_ASM_SYNTAX = NO;
				GCC_C_LANGUAGE_STANDARD = "compiler-default";
				GCC_ENABLE_PASCAL_STRINGS = NO;
				GCC_INLINES_ARE_PRIVATE_EXTERN = NO;
				GCC_PREPROCESSOR_DEFINITIONS = (
					"$(inherited)",
					ENABLE_MACOSX_ETHERHELPER,
					HAVE_CONFIG_H,
				);
				GCC_SYMBOLS_PRIVATE_EXTERN = NO;
				GCC_USE_STANDARD_INCLUDE_SEARCHING = YES;
				GCC_WARN_CHECK_SWITCH_STATEMENTS = NO;
				HEADER_SEARCH_PATHS = (
					/Library/Frameworks/SDL2.framework/Headers,
					../MacOSX,
					../include,
					../uae_cpu,
					../Unix,
					../slirp,
				);
				INFOPLIST_FILE = "$(SRCROOT)/Info.plist";
				INSTALL_PATH = "$(HOME)/Applications";
				LD_RUNPATH_SEARCH_PATHS = "$(inherited) @executable_path/../Frameworks";
				MACOSX_DEPLOYMENT_TARGET = 10.7;
				ONLY_ACTIVE_ARCH = NO;
				OTHER_CFLAGS = "";
				PRECOMPS_INCLUDE_HEADERS_FROM_BUILT_PRODUCTS_DIR = NO;
				PRODUCT_BUNDLE_IDENTIFIER = net.cebix.basilisk;
				PRODUCT_NAME = "$(TARGET_NAME)";
				SDKROOT = macosx10.6;
				USE_HEADERMAP = YES;
				VALID_ARCHS = x86_64;
				WARNING_CFLAGS = "";
			};
			name = Debug;
		};
		7539DFC81F23B17E006B2DF2 /* Release */ = {
			isa = XCBuildConfiguration;
			buildSettings = {
				ARCHS = "$(ARCHS_STANDARD_64_BIT)";
				ASSETCATALOG_COMPILER_APPICON_NAME = AppIcon;
				CLANG_CXX_LANGUAGE_STANDARD = "compiler-default";
				CLANG_CXX_LIBRARY = "libc++";
				CLANG_ENABLE_MODULES = NO;
				CLANG_WARN_DIRECT_OBJC_ISA_USAGE = YES;
				CLANG_WARN_OBJC_ROOT_CLASS = YES;
				CLANG_WARN_SUSPICIOUS_MOVE = NO;
				CLANG_WARN__DUPLICATE_METHOD_MATCH = NO;
				COMBINE_HIDPI_IMAGES = NO;
				DEBUG_INFORMATION_FORMAT = dwarf;
				ENABLE_NS_ASSERTIONS = YES;
				ENABLE_TESTABILITY = NO;
				FRAMEWORK_SEARCH_PATHS = (
					"$(inherited)",
					"$(LOCAL_LIBRARY_DIR)/Frameworks",
				);
				GCC_CW_ASM_SYNTAX = NO;
				GCC_C_LANGUAGE_STANDARD = "compiler-default";
				GCC_DYNAMIC_NO_PIC = YES;
				GCC_ENABLE_PASCAL_STRINGS = NO;
				GCC_INLINES_ARE_PRIVATE_EXTERN = NO;
				GCC_OPTIMIZATION_LEVEL = 3;
				GCC_PREPROCESSOR_DEFINITIONS = (
					"$(inherited)",
					ENABLE_MACOSX_ETHERHELPER,
					HAVE_CONFIG_H,
				);
				GCC_SYMBOLS_PRIVATE_EXTERN = NO;
				GCC_USE_STANDARD_INCLUDE_SEARCHING = YES;
				GCC_WARN_CHECK_SWITCH_STATEMENTS = NO;
				HEADER_SEARCH_PATHS = (
					/Library/Frameworks/SDL2.framework/Headers,
					../MacOSX,
					../include,
					../uae_cpu,
					../Unix,
					../slirp,
				);
				INFOPLIST_FILE = "$(SRCROOT)/Info.plist";
				INSTALL_PATH = "$(HOME)/Applications";
				LD_RUNPATH_SEARCH_PATHS = "$(inherited) @executable_path/../Frameworks";
				MACOSX_DEPLOYMENT_TARGET = 10.7;
				OTHER_CFLAGS = "";
				PRECOMPS_INCLUDE_HEADERS_FROM_BUILT_PRODUCTS_DIR = NO;
				PRODUCT_BUNDLE_IDENTIFIER = net.cebix.basilisk;
				PRODUCT_NAME = "$(TARGET_NAME)";
				SDKROOT = macosx10.6;
				USE_HEADERMAP = YES;
				VALID_ARCHS = x86_64;
				WARNING_CFLAGS = "";
			};
			name = Release;
		};
/* End XCBuildConfiguration section */

/* Begin XCConfigurationList section */
		7539DFAD1F23B17E006B2DF2 /* Build configuration list for PBXProject "BasiliskII" */ = {
			isa = XCConfigurationList;
			buildConfigurations = (
				7539DFC41F23B17E006B2DF2 /* Debug */,
				7539DFC51F23B17E006B2DF2 /* Release */,
			);
			defaultConfigurationIsVisible = 0;
			defaultConfigurationName = Release;
		};
		7539DFC61F23B17E006B2DF2 /* Build configuration list for PBXNativeTarget "BasiliskII" */ = {
			isa = XCConfigurationList;
			buildConfigurations = (
				7539DFC71F23B17E006B2DF2 /* Debug */,
				7539DFC81F23B17E006B2DF2 /* Release */,
			);
			defaultConfigurationIsVisible = 0;
			defaultConfigurationName = Release;
		};
/* End XCConfigurationList section */
	};
	rootObject = 7539DFAA1F23B17E006B2DF2 /* Project object */;
}
